// !$*UTF8*$!
{
	archiveVersion = 1;
	classes = {
	};
	objectVersion = 55;
	objects = {

/* Begin PBXBuildFile section */
		285CB71BC9BA497C17FED029 /* Pods_DLW.framework in Frameworks */ = {isa = PBXBuildFile; fileRef = A627F16721710C26AC1607E7 /* Pods_DLW.framework */; };
		D00DFCD628E71772009C3C51 /* SignInView.swift in Sources */ = {isa = PBXBuildFile; fileRef = D00DFCD528E71772009C3C51 /* SignInView.swift */; };
		D00DFCD828E717F2009C3C51 /* Authentication.swift in Sources */ = {isa = PBXBuildFile; fileRef = D00DFCD728E717F2009C3C51 /* Authentication.swift */; };
		D00DFCDB28E7194D009C3C51 /* Extensions.swift in Sources */ = {isa = PBXBuildFile; fileRef = D00DFCDA28E7194D009C3C51 /* Extensions.swift */; };
		D00DFCDF28E719A7009C3C51 /* SignInFormView.swift in Sources */ = {isa = PBXBuildFile; fileRef = D00DFCDE28E719A7009C3C51 /* SignInFormView.swift */; };
		D00DFCE128E719B7009C3C51 /* UserModel.swift in Sources */ = {isa = PBXBuildFile; fileRef = D00DFCE028E719B7009C3C51 /* UserModel.swift */; };
		D00DFCE328E71D5F009C3C51 /* UserViewController.swift in Sources */ = {isa = PBXBuildFile; fileRef = D00DFCE228E71D5F009C3C51 /* UserViewController.swift */; };
		D00DFCE528E71F47009C3C51 /* Credentials.swift in Sources */ = {isa = PBXBuildFile; fileRef = D00DFCE428E71F47009C3C51 /* Credentials.swift */; };
		D01ABA3128E7361F005B6D3B /* SignUpView.swift in Sources */ = {isa = PBXBuildFile; fileRef = D01ABA3028E7361F005B6D3B /* SignUpView.swift */; };
		D01ABA3328E7366F005B6D3B /* Components.swift in Sources */ = {isa = PBXBuildFile; fileRef = D01ABA3228E7366F005B6D3B /* Components.swift */; };
		D01ABA3628E736B3005B6D3B /* HomepageView.swift in Sources */ = {isa = PBXBuildFile; fileRef = D01ABA3528E736B3005B6D3B /* HomepageView.swift */; };
		D01ABA3928E76848005B6D3B /* DefaultSetting.swift in Sources */ = {isa = PBXBuildFile; fileRef = D01ABA3828E76848005B6D3B /* DefaultSetting.swift */; };
		D01E1F4328E7E1CC008D373F /* ProgramCategoryView.swift in Sources */ = {isa = PBXBuildFile; fileRef = D01E1F4228E7E1CC008D373F /* ProgramCategoryView.swift */; };
		D01E1F4528E7E1F8008D373F /* ProfileView.swift in Sources */ = {isa = PBXBuildFile; fileRef = D01E1F4428E7E1F8008D373F /* ProfileView.swift */; };
		D01E1F4728E7E242008D373F /* HomepageModel.swift in Sources */ = {isa = PBXBuildFile; fileRef = D01E1F4628E7E242008D373F /* HomepageModel.swift */; };
		D01E1F4928E7E2A0008D373F /* HomepageHelper.swift in Sources */ = {isa = PBXBuildFile; fileRef = D01E1F4828E7E2A0008D373F /* HomepageHelper.swift */; };
		D01E1F4B28E7E328008D373F /* VisionHelper.swift in Sources */ = {isa = PBXBuildFile; fileRef = D01E1F4A28E7E328008D373F /* VisionHelper.swift */; };
		D01E1F4D28E7E341008D373F /* Commons.swift in Sources */ = {isa = PBXBuildFile; fileRef = D01E1F4C28E7E341008D373F /* Commons.swift */; };
		D01E1F4F28E7E363008D373F /* Classifier.swift in Sources */ = {isa = PBXBuildFile; fileRef = D01E1F4E28E7E363008D373F /* Classifier.swift */; };
		D01E1F5128E7E387008D373F /* ObservationHelpers.swift in Sources */ = {isa = PBXBuildFile; fileRef = D01E1F5028E7E387008D373F /* ObservationHelpers.swift */; };
		D01E1F5328E7E399008D373F /* AudioManager.swift in Sources */ = {isa = PBXBuildFile; fileRef = D01E1F5228E7E399008D373F /* AudioManager.swift */; };
		D01E1F5528E7E3B3008D373F /* Constants.swift in Sources */ = {isa = PBXBuildFile; fileRef = D01E1F5428E7E3B3008D373F /* Constants.swift */; };
		D01E1F5828E7E4CF008D373F /* MoveView.swift in Sources */ = {isa = PBXBuildFile; fileRef = D01E1F5728E7E4CF008D373F /* MoveView.swift */; };
		D01E1F5A28E7E4E8008D373F /* MoveViewHelpers.swift in Sources */ = {isa = PBXBuildFile; fileRef = D01E1F5928E7E4E8008D373F /* MoveViewHelpers.swift */; };
		D01E1F5C28E7E4F0008D373F /* Move.swift in Sources */ = {isa = PBXBuildFile; fileRef = D01E1F5B28E7E4F0008D373F /* Move.swift */; };
		D01E1FAF28E7E5BF008D373F /* ShoulderFlexionViewController.swift in Sources */ = {isa = PBXBuildFile; fileRef = D01E1F5F28E7E5BE008D373F /* ShoulderFlexionViewController.swift */; };
		D01E1FB028E7E5BF008D373F /* ShoulderFlexionModel.swift in Sources */ = {isa = PBXBuildFile; fileRef = D01E1F6028E7E5BE008D373F /* ShoulderFlexionModel.swift */; };
		D01E1FB128E7E5BF008D373F /* ShoulderFlexionView.swift in Sources */ = {isa = PBXBuildFile; fileRef = D01E1F6128E7E5BE008D373F /* ShoulderFlexionView.swift */; };
		D01E1FB228E7E5BF008D373F /* ShoulderFlexionStartClassifier.swift in Sources */ = {isa = PBXBuildFile; fileRef = D01E1F6328E7E5BE008D373F /* ShoulderFlexionStartClassifier.swift */; };
		D01E1FB328E7E5BF008D373F /* ShoulderFlexionRepetitionInProgressClassifier.swift in Sources */ = {isa = PBXBuildFile; fileRef = D01E1F6428E7E5BE008D373F /* ShoulderFlexionRepetitionInProgressClassifier.swift */; };
		D01E1FB428E7E5BF008D373F /* ShoulderFlexionInPositionClassifier.swift in Sources */ = {isa = PBXBuildFile; fileRef = D01E1F6528E7E5BE008D373F /* ShoulderFlexionInPositionClassifier.swift */; };
		D01E1FB528E7E5BF008D373F /* ShoulderFlexionRepetitionClassifier.swift in Sources */ = {isa = PBXBuildFile; fileRef = D01E1F6628E7E5BE008D373F /* ShoulderFlexionRepetitionClassifier.swift */; };
		D01E1FB628E7E5BF008D373F /* ExternalRotationWithResistanceBandModel.swift in Sources */ = {isa = PBXBuildFile; fileRef = D01E1F6828E7E5BE008D373F /* ExternalRotationWithResistanceBandModel.swift */; };
		D01E1FB728E7E5BF008D373F /* ExternalRotationWithResistanceBandView.swift in Sources */ = {isa = PBXBuildFile; fileRef = D01E1F6928E7E5BE008D373F /* ExternalRotationWithResistanceBandView.swift */; };
		D01E1FB828E7E5BF008D373F /* ExternalRotationWithResistanceBandViewController.swift in Sources */ = {isa = PBXBuildFile; fileRef = D01E1F6A28E7E5BE008D373F /* ExternalRotationWithResistanceBandViewController.swift */; };
		D01E1FB928E7E5BF008D373F /* ExternalRotationWithResistanceBandRepetitionClassifier.swift in Sources */ = {isa = PBXBuildFile; fileRef = D01E1F6C28E7E5BE008D373F /* ExternalRotationWithResistanceBandRepetitionClassifier.swift */; };
		D01E1FBA28E7E5BF008D373F /* ExternalRotationWithResistanceBandRepetitionInProgressClassifier.swift in Sources */ = {isa = PBXBuildFile; fileRef = D01E1F6D28E7E5BE008D373F /* ExternalRotationWithResistanceBandRepetitionInProgressClassifier.swift */; };
		D01E1FBB28E7E5BF008D373F /* ExternalRotationWithResistanceBandInPositionClassifier.swift in Sources */ = {isa = PBXBuildFile; fileRef = D01E1F6E28E7E5BE008D373F /* ExternalRotationWithResistanceBandInPositionClassifier.swift */; };
		D01E1FBC28E7E5BF008D373F /* ExternalRotationWithResistanceBandStartClassifier.swift in Sources */ = {isa = PBXBuildFile; fileRef = D01E1F6F28E7E5BE008D373F /* ExternalRotationWithResistanceBandStartClassifier.swift */; };
		D01E1FBD28E7E5BF008D373F /* InternalRotationWithResistanceBandModel.swift in Sources */ = {isa = PBXBuildFile; fileRef = D01E1F7128E7E5BE008D373F /* InternalRotationWithResistanceBandModel.swift */; };
		D01E1FBE28E7E5BF008D373F /* InternalRotationWithResistanceBandView.swift in Sources */ = {isa = PBXBuildFile; fileRef = D01E1F7228E7E5BE008D373F /* InternalRotationWithResistanceBandView.swift */; };
		D01E1FBF28E7E5BF008D373F /* InternalRotationWithResistanceBandRepetitionInProgressClassifier.swift in Sources */ = {isa = PBXBuildFile; fileRef = D01E1F7428E7E5BE008D373F /* InternalRotationWithResistanceBandRepetitionInProgressClassifier.swift */; };
		D01E1FC028E7E5BF008D373F /* InternalRotationWithResistanceBandStartClassifier.swift in Sources */ = {isa = PBXBuildFile; fileRef = D01E1F7528E7E5BE008D373F /* InternalRotationWithResistanceBandStartClassifier.swift */; };
		D01E1FC128E7E5BF008D373F /* InternalRotationWithResistanceBandRepetitionClassifier.swift in Sources */ = {isa = PBXBuildFile; fileRef = D01E1F7628E7E5BE008D373F /* InternalRotationWithResistanceBandRepetitionClassifier.swift */; };
		D01E1FC228E7E5BF008D373F /* InternalRotationWithResistanceBandInPositionClassifier.swift in Sources */ = {isa = PBXBuildFile; fileRef = D01E1F7728E7E5BE008D373F /* InternalRotationWithResistanceBandInPositionClassifier.swift */; };
		D01E1FC328E7E5BF008D373F /* InternalRotationWithResistanceBandViewController.swift in Sources */ = {isa = PBXBuildFile; fileRef = D01E1F7828E7E5BE008D373F /* InternalRotationWithResistanceBandViewController.swift */; };
		D01E1FC428E7E5BF008D373F /* BandedRotationModel.swift in Sources */ = {isa = PBXBuildFile; fileRef = D01E1F7A28E7E5BE008D373F /* BandedRotationModel.swift */; };
		D01E1FC528E7E5BF008D373F /* BandedRotationStartClassifier.swift in Sources */ = {isa = PBXBuildFile; fileRef = D01E1F7C28E7E5BE008D373F /* BandedRotationStartClassifier.swift */; };
		D01E1FC628E7E5BF008D373F /* BandedRotationRepetitionInProgressClassifier.swift in Sources */ = {isa = PBXBuildFile; fileRef = D01E1F7D28E7E5BE008D373F /* BandedRotationRepetitionInProgressClassifier.swift */; };
		D01E1FC728E7E5BF008D373F /* BandedRotationRepetitionClassifier.swift in Sources */ = {isa = PBXBuildFile; fileRef = D01E1F7E28E7E5BE008D373F /* BandedRotationRepetitionClassifier.swift */; };
		D01E1FC828E7E5BF008D373F /* BandedRotationInPositionClassifier.swift in Sources */ = {isa = PBXBuildFile; fileRef = D01E1F7F28E7E5BE008D373F /* BandedRotationInPositionClassifier.swift */; };
		D01E1FC928E7E5BF008D373F /* BandedRotationView.swift in Sources */ = {isa = PBXBuildFile; fileRef = D01E1F8028E7E5BE008D373F /* BandedRotationView.swift */; };
		D01E1FCA28E7E5BF008D373F /* BandedRotationViewController.swift in Sources */ = {isa = PBXBuildFile; fileRef = D01E1F8128E7E5BE008D373F /* BandedRotationViewController.swift */; };
		D01E1FCB28E7E5BF008D373F /* ShoulderAbductionViewController.swift in Sources */ = {isa = PBXBuildFile; fileRef = D01E1F8328E7E5BE008D373F /* ShoulderAbductionViewController.swift */; };
		D01E1FCC28E7E5BF008D373F /* ShoulderAbductionView.swift in Sources */ = {isa = PBXBuildFile; fileRef = D01E1F8428E7E5BE008D373F /* ShoulderAbductionView.swift */; };
		D01E1FCD28E7E5BF008D373F /* ShoulderAbductionModel.swift in Sources */ = {isa = PBXBuildFile; fileRef = D01E1F8528E7E5BE008D373F /* ShoulderAbductionModel.swift */; };
		D01E1FCE28E7E5BF008D373F /* ShoulderAbductionStartClassifier.swift in Sources */ = {isa = PBXBuildFile; fileRef = D01E1F8728E7E5BE008D373F /* ShoulderAbductionStartClassifier.swift */; };
		D01E1FCF28E7E5BF008D373F /* ShoulderAbductionInPositionClassifier.swift in Sources */ = {isa = PBXBuildFile; fileRef = D01E1F8828E7E5BE008D373F /* ShoulderAbductionInPositionClassifier.swift */; };
		D01E1FD028E7E5BF008D373F /* ShoulderAbductionRepetitionClassifier.swift in Sources */ = {isa = PBXBuildFile; fileRef = D01E1F8928E7E5BE008D373F /* ShoulderAbductionRepetitionClassifier.swift */; };
		D01E1FD128E7E5BF008D373F /* ShoulderAbductionRepetitionInProgressClassifier.swift in Sources */ = {isa = PBXBuildFile; fileRef = D01E1F8A28E7E5BE008D373F /* ShoulderAbductionRepetitionInProgressClassifier.swift */; };
		D01E1FD228E7E5BF008D373F /* PosteriorCapsuleStretchView.swift in Sources */ = {isa = PBXBuildFile; fileRef = D01E1F8C28E7E5BE008D373F /* PosteriorCapsuleStretchView.swift */; };
		D01E1FD328E7E5BF008D373F /* PosteriorCapsuleStretchModel.swift in Sources */ = {isa = PBXBuildFile; fileRef = D01E1F8D28E7E5BE008D373F /* PosteriorCapsuleStretchModel.swift */; };
		D01E1FD428E7E5BF008D373F /* PosteriorCapsuleStretchViewController.swift in Sources */ = {isa = PBXBuildFile; fileRef = D01E1F8E28E7E5BE008D373F /* PosteriorCapsuleStretchViewController.swift */; };
		D01E1FD528E7E5BF008D373F /* PosteriorCapsuleStretchStartClassifier.swift in Sources */ = {isa = PBXBuildFile; fileRef = D01E1F9028E7E5BE008D373F /* PosteriorCapsuleStretchStartClassifier.swift */; };
		D01E1FD628E7E5BF008D373F /* PosteriorCapsuleStretchRepetitionClassifier.swift in Sources */ = {isa = PBXBuildFile; fileRef = D01E1F9128E7E5BE008D373F /* PosteriorCapsuleStretchRepetitionClassifier.swift */; };
		D01E1FD728E7E5BF008D373F /* PosteriorCapsuleStretchInPositionClassifier.swift in Sources */ = {isa = PBXBuildFile; fileRef = D01E1F9228E7E5BE008D373F /* PosteriorCapsuleStretchInPositionClassifier.swift */; };
		D01E1FD828E7E5BF008D373F /* PosteriorCapsuleStretchRepetitionInProgressClassifier.swift in Sources */ = {isa = PBXBuildFile; fileRef = D01E1F9328E7E5BE008D373F /* PosteriorCapsuleStretchRepetitionInProgressClassifier.swift */; };
		D01E1FD928E7E5BF008D373F /* ShoulderExtensionView.swift in Sources */ = {isa = PBXBuildFile; fileRef = D01E1F9528E7E5BF008D373F /* ShoulderExtensionView.swift */; };
		D01E1FDA28E7E5BF008D373F /* ShoulderExtensionViewController.swift in Sources */ = {isa = PBXBuildFile; fileRef = D01E1F9628E7E5BF008D373F /* ShoulderExtensionViewController.swift */; };
		D01E1FDB28E7E5BF008D373F /* ShoulderExtensionModel.swift in Sources */ = {isa = PBXBuildFile; fileRef = D01E1F9728E7E5BF008D373F /* ShoulderExtensionModel.swift */; };
		D01E1FDC28E7E5BF008D373F /* ShoulderExtensionRepetitionInProgressClassifier.swift in Sources */ = {isa = PBXBuildFile; fileRef = D01E1F9928E7E5BF008D373F /* ShoulderExtensionRepetitionInProgressClassifier.swift */; };
		D01E1FDD28E7E5BF008D373F /* ShoulderExtensionStartClassifier.swift in Sources */ = {isa = PBXBuildFile; fileRef = D01E1F9A28E7E5BF008D373F /* ShoulderExtensionStartClassifier.swift */; };
		D01E1FDE28E7E5BF008D373F /* ShoulderExtensionRepetitionClassifier.swift in Sources */ = {isa = PBXBuildFile; fileRef = D01E1F9B28E7E5BF008D373F /* ShoulderExtensionRepetitionClassifier.swift */; };
		D01E1FDF28E7E5BF008D373F /* ShoulderExtensionInPositionClassifier.swift in Sources */ = {isa = PBXBuildFile; fileRef = D01E1F9C28E7E5BF008D373F /* ShoulderExtensionInPositionClassifier.swift */; };
		D01E1FE028E7E5BF008D373F /* ShoulderHorizontalAbductionView.swift in Sources */ = {isa = PBXBuildFile; fileRef = D01E1F9E28E7E5BF008D373F /* ShoulderHorizontalAbductionView.swift */; };
		D01E1FE128E7E5BF008D373F /* ShoulderHorizontalAbductionViewController.swift in Sources */ = {isa = PBXBuildFile; fileRef = D01E1F9F28E7E5BF008D373F /* ShoulderHorizontalAbductionViewController.swift */; };
		D01E1FE228E7E5BF008D373F /* ShoulderHorizontalAbductionInPositionClassifier.swift in Sources */ = {isa = PBXBuildFile; fileRef = D01E1FA128E7E5BF008D373F /* ShoulderHorizontalAbductionInPositionClassifier.swift */; };
		D01E1FE328E7E5BF008D373F /* ShoulderHorizontalAbductionRepetitionClassifier.swift in Sources */ = {isa = PBXBuildFile; fileRef = D01E1FA228E7E5BF008D373F /* ShoulderHorizontalAbductionRepetitionClassifier.swift */; };
		D01E1FE428E7E5BF008D373F /* ShoulderHorizontalAbductionStartClassifier.swift in Sources */ = {isa = PBXBuildFile; fileRef = D01E1FA328E7E5BF008D373F /* ShoulderHorizontalAbductionStartClassifier.swift */; };
		D01E1FE528E7E5BF008D373F /* ShoulderHorizontalAbductionRepetitionInProgressClassifier.swift in Sources */ = {isa = PBXBuildFile; fileRef = D01E1FA428E7E5BF008D373F /* ShoulderHorizontalAbductionRepetitionInProgressClassifier.swift */; };
		D01E1FE628E7E5BF008D373F /* ShoulderHorizontalAbductionModel.swift in Sources */ = {isa = PBXBuildFile; fileRef = D01E1FA528E7E5BF008D373F /* ShoulderHorizontalAbductionModel.swift */; };
		D01E1FE728E7E5BF008D373F /* BicepsFlexionView.swift in Sources */ = {isa = PBXBuildFile; fileRef = D01E1FA728E7E5BF008D373F /* BicepsFlexionView.swift */; };
		D01E1FE828E7E5BF008D373F /* BicepsFlexionViewController.swift in Sources */ = {isa = PBXBuildFile; fileRef = D01E1FA828E7E5BF008D373F /* BicepsFlexionViewController.swift */; };
		D01E1FE928E7E5BF008D373F /* BicepsFlexionRepetitionClassifier.swift in Sources */ = {isa = PBXBuildFile; fileRef = D01E1FAA28E7E5BF008D373F /* BicepsFlexionRepetitionClassifier.swift */; };
		D01E1FEA28E7E5BF008D373F /* BicepsFlexionRepetitionInProgressClassifier.swift in Sources */ = {isa = PBXBuildFile; fileRef = D01E1FAB28E7E5BF008D373F /* BicepsFlexionRepetitionInProgressClassifier.swift */; };
		D01E1FEB28E7E5BF008D373F /* BicepsFlexionInPositionClassifier.swift in Sources */ = {isa = PBXBuildFile; fileRef = D01E1FAC28E7E5BF008D373F /* BicepsFlexionInPositionClassifier.swift */; };
		D01E1FEC28E7E5BF008D373F /* BicepsFlexionStartClassifier.swift in Sources */ = {isa = PBXBuildFile; fileRef = D01E1FAD28E7E5BF008D373F /* BicepsFlexionStartClassifier.swift */; };
		D01E1FED28E7E5BF008D373F /* BicepsFlexionModel.swift in Sources */ = {isa = PBXBuildFile; fileRef = D01E1FAE28E7E5BF008D373F /* BicepsFlexionModel.swift */; };
		D01E200928E7E6D5008D373F /* AssistedKneeExtensionViewController.swift in Sources */ = {isa = PBXBuildFile; fileRef = D01E1FEF28E7E6D4008D373F /* AssistedKneeExtensionViewController.swift */; };
		D01E200A28E7E6D5008D373F /* AssistedKneeExtensionModel.swift in Sources */ = {isa = PBXBuildFile; fileRef = D01E1FF028E7E6D4008D373F /* AssistedKneeExtensionModel.swift */; };
		D01E200B28E7E6D5008D373F /* AssistedKneeExtensionView.swift in Sources */ = {isa = PBXBuildFile; fileRef = D01E1FF128E7E6D4008D373F /* AssistedKneeExtensionView.swift */; };
		D01E200C28E7E6D5008D373F /* AssistedKneeExtensionStartClassifier.swift in Sources */ = {isa = PBXBuildFile; fileRef = D01E1FF328E7E6D4008D373F /* AssistedKneeExtensionStartClassifier.swift */; };
		D01E200D28E7E6D5008D373F /* AssistedKneeExtensionInPositionClassifier.swift in Sources */ = {isa = PBXBuildFile; fileRef = D01E1FF428E7E6D4008D373F /* AssistedKneeExtensionInPositionClassifier.swift */; };
		D01E200E28E7E6D5008D373F /* AssistedKneeExtensionRepetitionInProgressClassifier.swift in Sources */ = {isa = PBXBuildFile; fileRef = D01E1FF528E7E6D4008D373F /* AssistedKneeExtensionRepetitionInProgressClassifier.swift */; };
		D01E200F28E7E6D5008D373F /* AssistedKneeExtensionRepetitionClassifier.swift in Sources */ = {isa = PBXBuildFile; fileRef = D01E1FF628E7E6D4008D373F /* AssistedKneeExtensionRepetitionClassifier.swift */; };
		D01E201028E7E6D5008D373F /* AssistedKneeFlexionViewController.swift in Sources */ = {isa = PBXBuildFile; fileRef = D01E1FF828E7E6D4008D373F /* AssistedKneeFlexionViewController.swift */; };
		D01E201128E7E6D5008D373F /* AssistedKneeFlexionModel.swift in Sources */ = {isa = PBXBuildFile; fileRef = D01E1FF928E7E6D4008D373F /* AssistedKneeFlexionModel.swift */; };
		D01E201228E7E6D5008D373F /* AssistedKneeFlexionView.swift in Sources */ = {isa = PBXBuildFile; fileRef = D01E1FFA28E7E6D4008D373F /* AssistedKneeFlexionView.swift */; };
		D01E201328E7E6D5008D373F /* AssistedKneeFlexionInPositionClassifier.swift in Sources */ = {isa = PBXBuildFile; fileRef = D01E1FFC28E7E6D4008D373F /* AssistedKneeFlexionInPositionClassifier.swift */; };
		D01E201428E7E6D5008D373F /* AssistedKneeFlexionRepetitionClassifier.swift in Sources */ = {isa = PBXBuildFile; fileRef = D01E1FFD28E7E6D4008D373F /* AssistedKneeFlexionRepetitionClassifier.swift */; };
		D01E201528E7E6D5008D373F /* AssistedKneeFlexionStartClassifier.swift in Sources */ = {isa = PBXBuildFile; fileRef = D01E1FFE28E7E6D4008D373F /* AssistedKneeFlexionStartClassifier.swift */; };
		D01E201628E7E6D5008D373F /* AssistedKneeFlexionRepetitionInProgressClassifier.swift in Sources */ = {isa = PBXBuildFile; fileRef = D01E1FFF28E7E6D4008D373F /* AssistedKneeFlexionRepetitionInProgressClassifier.swift */; };
		D01E201728E7E6D5008D373F /* StandingKneeBendView.swift in Sources */ = {isa = PBXBuildFile; fileRef = D01E200128E7E6D4008D373F /* StandingKneeBendView.swift */; };
		D01E201828E7E6D5008D373F /* StandingKneeBendViewController.swift in Sources */ = {isa = PBXBuildFile; fileRef = D01E200228E7E6D4008D373F /* StandingKneeBendViewController.swift */; };
		D01E201928E7E6D5008D373F /* StandingKneeBendModel.swift in Sources */ = {isa = PBXBuildFile; fileRef = D01E200328E7E6D4008D373F /* StandingKneeBendModel.swift */; };
		D01E201A28E7E6D5008D373F /* StandingKneeBendStartClassifier.swift in Sources */ = {isa = PBXBuildFile; fileRef = D01E200528E7E6D4008D373F /* StandingKneeBendStartClassifier.swift */; };
		D01E201B28E7E6D5008D373F /* StandingKneeBendRepetitionClassifier.swift in Sources */ = {isa = PBXBuildFile; fileRef = D01E200628E7E6D4008D373F /* StandingKneeBendRepetitionClassifier.swift */; };
		D01E201C28E7E6D5008D373F /* StandingKneeBendInPositionClassifier.swift in Sources */ = {isa = PBXBuildFile; fileRef = D01E200728E7E6D4008D373F /* StandingKneeBendInPositionClassifier.swift */; };
		D01E201D28E7E6D5008D373F /* StandingKneeBendRepetitionInProgressClassifier.swift in Sources */ = {isa = PBXBuildFile; fileRef = D01E200828E7E6D4008D373F /* StandingKneeBendRepetitionInProgressClassifier.swift */; };
		D01E202528E7EA3B008D373F /* PosteriorCapsuleStretch-4.png in Resources */ = {isa = PBXBuildFile; fileRef = D01E202128E7EA3B008D373F /* PosteriorCapsuleStretch-4.png */; };
		D01E202628E7EA3B008D373F /* PosteriorCapsuleStretch-1.png in Resources */ = {isa = PBXBuildFile; fileRef = D01E202228E7EA3B008D373F /* PosteriorCapsuleStretch-1.png */; };
		D01E202728E7EA3B008D373F /* PosteriorCapsuleStretch-3.png in Resources */ = {isa = PBXBuildFile; fileRef = D01E202328E7EA3B008D373F /* PosteriorCapsuleStretch-3.png */; };
		D01E202828E7EA3B008D373F /* PosteriorCapsuleStretch-2.png in Resources */ = {isa = PBXBuildFile; fileRef = D01E202428E7EA3B008D373F /* PosteriorCapsuleStretch-2.png */; };
		D01E202B28E7EA86008D373F /* KneeProgramView.swift in Sources */ = {isa = PBXBuildFile; fileRef = D01E202A28E7EA86008D373F /* KneeProgramView.swift */; };
		D01E202D28E7EA91008D373F /* KneeConfirmView.swift in Sources */ = {isa = PBXBuildFile; fileRef = D01E202C28E7EA91008D373F /* KneeConfirmView.swift */; };
		D01E202F28E7EAE5008D373F /* KneeListView.swift in Sources */ = {isa = PBXBuildFile; fileRef = D01E202E28E7EAE5008D373F /* KneeListView.swift */; };
		D01E203228E7EBEE008D373F /* ShoulderProgramView.swift in Sources */ = {isa = PBXBuildFile; fileRef = D01E203128E7EBEE008D373F /* ShoulderProgramView.swift */; };
		D01E203428E7EBF5008D373F /* ShoulderConfirmView.swift in Sources */ = {isa = PBXBuildFile; fileRef = D01E203328E7EBF5008D373F /* ShoulderConfirmView.swift */; };
		D01E203628E7EBFF008D373F /* ShoulderListView.swift in Sources */ = {isa = PBXBuildFile; fileRef = D01E203528E7EBFF008D373F /* ShoulderListView.swift */; };
		D01E203928E7EFA7008D373F /* ConfettiSwiftUI in Frameworks */ = {isa = PBXBuildFile; productRef = D01E203828E7EFA7008D373F /* ConfettiSwiftUI */; };
		D072418D28E29A7C000A6B45 /* DLWApp.swift in Sources */ = {isa = PBXBuildFile; fileRef = D072418C28E29A7C000A6B45 /* DLWApp.swift */; };
		D072419128E29A7E000A6B45 /* Assets.xcassets in Resources */ = {isa = PBXBuildFile; fileRef = D072419028E29A7E000A6B45 /* Assets.xcassets */; };
		D072419428E29A7E000A6B45 /* Preview Assets.xcassets in Resources */ = {isa = PBXBuildFile; fileRef = D072419328E29A7E000A6B45 /* Preview Assets.xcassets */; };
/* End PBXBuildFile section */

/* Begin PBXFileReference section */
		1226B23B1F6C6175AB795A0F /* Pods-DLW.release.xcconfig */ = {isa = PBXFileReference; includeInIndex = 1; lastKnownFileType = text.xcconfig; name = "Pods-DLW.release.xcconfig"; path = "Target Support Files/Pods-DLW/Pods-DLW.release.xcconfig"; sourceTree = "<group>"; };
		A627F16721710C26AC1607E7 /* Pods_DLW.framework */ = {isa = PBXFileReference; explicitFileType = wrapper.framework; includeInIndex = 0; path = Pods_DLW.framework; sourceTree = BUILT_PRODUCTS_DIR; };
		A80D9190509D49FCDDC0EE4B /* Pods-DLW.debug.xcconfig */ = {isa = PBXFileReference; includeInIndex = 1; lastKnownFileType = text.xcconfig; name = "Pods-DLW.debug.xcconfig"; path = "Target Support Files/Pods-DLW/Pods-DLW.debug.xcconfig"; sourceTree = "<group>"; };
		D00DFCD528E71772009C3C51 /* SignInView.swift */ = {isa = PBXFileReference; lastKnownFileType = sourcecode.swift; path = SignInView.swift; sourceTree = "<group>"; };
		D00DFCD728E717F2009C3C51 /* Authentication.swift */ = {isa = PBXFileReference; lastKnownFileType = sourcecode.swift; path = Authentication.swift; sourceTree = "<group>"; };
		D00DFCDA28E7194D009C3C51 /* Extensions.swift */ = {isa = PBXFileReference; lastKnownFileType = sourcecode.swift; path = Extensions.swift; sourceTree = "<group>"; };
		D00DFCDE28E719A7009C3C51 /* SignInFormView.swift */ = {isa = PBXFileReference; lastKnownFileType = sourcecode.swift; path = SignInFormView.swift; sourceTree = "<group>"; };
		D00DFCE028E719B7009C3C51 /* UserModel.swift */ = {isa = PBXFileReference; lastKnownFileType = sourcecode.swift; path = UserModel.swift; sourceTree = "<group>"; };
		D00DFCE228E71D5F009C3C51 /* UserViewController.swift */ = {isa = PBXFileReference; lastKnownFileType = sourcecode.swift; path = UserViewController.swift; sourceTree = "<group>"; };
		D00DFCE428E71F47009C3C51 /* Credentials.swift */ = {isa = PBXFileReference; lastKnownFileType = sourcecode.swift; path = Credentials.swift; sourceTree = "<group>"; };
		D01ABA3028E7361F005B6D3B /* SignUpView.swift */ = {isa = PBXFileReference; lastKnownFileType = sourcecode.swift; path = SignUpView.swift; sourceTree = "<group>"; };
		D01ABA3228E7366F005B6D3B /* Components.swift */ = {isa = PBXFileReference; lastKnownFileType = sourcecode.swift; path = Components.swift; sourceTree = "<group>"; };
		D01ABA3528E736B3005B6D3B /* HomepageView.swift */ = {isa = PBXFileReference; lastKnownFileType = sourcecode.swift; path = HomepageView.swift; sourceTree = "<group>"; };
		D01ABA3728E73EC1005B6D3B /* Info.plist */ = {isa = PBXFileReference; lastKnownFileType = text.plist; path = Info.plist; sourceTree = "<group>"; };
		D01ABA3828E76848005B6D3B /* DefaultSetting.swift */ = {isa = PBXFileReference; lastKnownFileType = sourcecode.swift; path = DefaultSetting.swift; sourceTree = "<group>"; };
		D01E1F4228E7E1CC008D373F /* ProgramCategoryView.swift */ = {isa = PBXFileReference; lastKnownFileType = sourcecode.swift; path = ProgramCategoryView.swift; sourceTree = "<group>"; };
		D01E1F4428E7E1F8008D373F /* ProfileView.swift */ = {isa = PBXFileReference; lastKnownFileType = sourcecode.swift; path = ProfileView.swift; sourceTree = "<group>"; };
		D01E1F4628E7E242008D373F /* HomepageModel.swift */ = {isa = PBXFileReference; lastKnownFileType = sourcecode.swift; path = HomepageModel.swift; sourceTree = "<group>"; };
		D01E1F4828E7E2A0008D373F /* HomepageHelper.swift */ = {isa = PBXFileReference; lastKnownFileType = sourcecode.swift; path = HomepageHelper.swift; sourceTree = "<group>"; };
		D01E1F4A28E7E328008D373F /* VisionHelper.swift */ = {isa = PBXFileReference; lastKnownFileType = sourcecode.swift; path = VisionHelper.swift; sourceTree = "<group>"; };
		D01E1F4C28E7E341008D373F /* Commons.swift */ = {isa = PBXFileReference; lastKnownFileType = sourcecode.swift; path = Commons.swift; sourceTree = "<group>"; };
		D01E1F4E28E7E363008D373F /* Classifier.swift */ = {isa = PBXFileReference; lastKnownFileType = sourcecode.swift; path = Classifier.swift; sourceTree = "<group>"; };
		D01E1F5028E7E387008D373F /* ObservationHelpers.swift */ = {isa = PBXFileReference; lastKnownFileType = sourcecode.swift; path = ObservationHelpers.swift; sourceTree = "<group>"; };
		D01E1F5228E7E399008D373F /* AudioManager.swift */ = {isa = PBXFileReference; lastKnownFileType = sourcecode.swift; path = AudioManager.swift; sourceTree = "<group>"; };
		D01E1F5428E7E3B3008D373F /* Constants.swift */ = {isa = PBXFileReference; lastKnownFileType = sourcecode.swift; path = Constants.swift; sourceTree = "<group>"; };
		D01E1F5728E7E4CF008D373F /* MoveView.swift */ = {isa = PBXFileReference; lastKnownFileType = sourcecode.swift; path = MoveView.swift; sourceTree = "<group>"; };
		D01E1F5928E7E4E8008D373F /* MoveViewHelpers.swift */ = {isa = PBXFileReference; lastKnownFileType = sourcecode.swift; path = MoveViewHelpers.swift; sourceTree = "<group>"; };
		D01E1F5B28E7E4F0008D373F /* Move.swift */ = {isa = PBXFileReference; lastKnownFileType = sourcecode.swift; path = Move.swift; sourceTree = "<group>"; };
		D01E1F5F28E7E5BE008D373F /* ShoulderFlexionViewController.swift */ = {isa = PBXFileReference; fileEncoding = 4; lastKnownFileType = sourcecode.swift; path = ShoulderFlexionViewController.swift; sourceTree = "<group>"; };
		D01E1F6028E7E5BE008D373F /* ShoulderFlexionModel.swift */ = {isa = PBXFileReference; fileEncoding = 4; lastKnownFileType = sourcecode.swift; path = ShoulderFlexionModel.swift; sourceTree = "<group>"; };
		D01E1F6128E7E5BE008D373F /* ShoulderFlexionView.swift */ = {isa = PBXFileReference; fileEncoding = 4; lastKnownFileType = sourcecode.swift; path = ShoulderFlexionView.swift; sourceTree = "<group>"; };
		D01E1F6328E7E5BE008D373F /* ShoulderFlexionStartClassifier.swift */ = {isa = PBXFileReference; fileEncoding = 4; lastKnownFileType = sourcecode.swift; path = ShoulderFlexionStartClassifier.swift; sourceTree = "<group>"; };
		D01E1F6428E7E5BE008D373F /* ShoulderFlexionRepetitionInProgressClassifier.swift */ = {isa = PBXFileReference; fileEncoding = 4; lastKnownFileType = sourcecode.swift; path = ShoulderFlexionRepetitionInProgressClassifier.swift; sourceTree = "<group>"; };
		D01E1F6528E7E5BE008D373F /* ShoulderFlexionInPositionClassifier.swift */ = {isa = PBXFileReference; fileEncoding = 4; lastKnownFileType = sourcecode.swift; path = ShoulderFlexionInPositionClassifier.swift; sourceTree = "<group>"; };
		D01E1F6628E7E5BE008D373F /* ShoulderFlexionRepetitionClassifier.swift */ = {isa = PBXFileReference; fileEncoding = 4; lastKnownFileType = sourcecode.swift; path = ShoulderFlexionRepetitionClassifier.swift; sourceTree = "<group>"; };
		D01E1F6828E7E5BE008D373F /* ExternalRotationWithResistanceBandModel.swift */ = {isa = PBXFileReference; fileEncoding = 4; lastKnownFileType = sourcecode.swift; path = ExternalRotationWithResistanceBandModel.swift; sourceTree = "<group>"; };
		D01E1F6928E7E5BE008D373F /* ExternalRotationWithResistanceBandView.swift */ = {isa = PBXFileReference; fileEncoding = 4; lastKnownFileType = sourcecode.swift; path = ExternalRotationWithResistanceBandView.swift; sourceTree = "<group>"; };
		D01E1F6A28E7E5BE008D373F /* ExternalRotationWithResistanceBandViewController.swift */ = {isa = PBXFileReference; fileEncoding = 4; lastKnownFileType = sourcecode.swift; path = ExternalRotationWithResistanceBandViewController.swift; sourceTree = "<group>"; };
		D01E1F6C28E7E5BE008D373F /* ExternalRotationWithResistanceBandRepetitionClassifier.swift */ = {isa = PBXFileReference; fileEncoding = 4; lastKnownFileType = sourcecode.swift; path = ExternalRotationWithResistanceBandRepetitionClassifier.swift; sourceTree = "<group>"; };
		D01E1F6D28E7E5BE008D373F /* ExternalRotationWithResistanceBandRepetitionInProgressClassifier.swift */ = {isa = PBXFileReference; fileEncoding = 4; lastKnownFileType = sourcecode.swift; path = ExternalRotationWithResistanceBandRepetitionInProgressClassifier.swift; sourceTree = "<group>"; };
		D01E1F6E28E7E5BE008D373F /* ExternalRotationWithResistanceBandInPositionClassifier.swift */ = {isa = PBXFileReference; fileEncoding = 4; lastKnownFileType = sourcecode.swift; path = ExternalRotationWithResistanceBandInPositionClassifier.swift; sourceTree = "<group>"; };
		D01E1F6F28E7E5BE008D373F /* ExternalRotationWithResistanceBandStartClassifier.swift */ = {isa = PBXFileReference; fileEncoding = 4; lastKnownFileType = sourcecode.swift; path = ExternalRotationWithResistanceBandStartClassifier.swift; sourceTree = "<group>"; };
		D01E1F7128E7E5BE008D373F /* InternalRotationWithResistanceBandModel.swift */ = {isa = PBXFileReference; fileEncoding = 4; lastKnownFileType = sourcecode.swift; path = InternalRotationWithResistanceBandModel.swift; sourceTree = "<group>"; };
		D01E1F7228E7E5BE008D373F /* InternalRotationWithResistanceBandView.swift */ = {isa = PBXFileReference; fileEncoding = 4; lastKnownFileType = sourcecode.swift; path = InternalRotationWithResistanceBandView.swift; sourceTree = "<group>"; };
		D01E1F7428E7E5BE008D373F /* InternalRotationWithResistanceBandRepetitionInProgressClassifier.swift */ = {isa = PBXFileReference; fileEncoding = 4; lastKnownFileType = sourcecode.swift; path = InternalRotationWithResistanceBandRepetitionInProgressClassifier.swift; sourceTree = "<group>"; };
		D01E1F7528E7E5BE008D373F /* InternalRotationWithResistanceBandStartClassifier.swift */ = {isa = PBXFileReference; fileEncoding = 4; lastKnownFileType = sourcecode.swift; path = InternalRotationWithResistanceBandStartClassifier.swift; sourceTree = "<group>"; };
		D01E1F7628E7E5BE008D373F /* InternalRotationWithResistanceBandRepetitionClassifier.swift */ = {isa = PBXFileReference; fileEncoding = 4; lastKnownFileType = sourcecode.swift; path = InternalRotationWithResistanceBandRepetitionClassifier.swift; sourceTree = "<group>"; };
		D01E1F7728E7E5BE008D373F /* InternalRotationWithResistanceBandInPositionClassifier.swift */ = {isa = PBXFileReference; fileEncoding = 4; lastKnownFileType = sourcecode.swift; path = InternalRotationWithResistanceBandInPositionClassifier.swift; sourceTree = "<group>"; };
		D01E1F7828E7E5BE008D373F /* InternalRotationWithResistanceBandViewController.swift */ = {isa = PBXFileReference; fileEncoding = 4; lastKnownFileType = sourcecode.swift; path = InternalRotationWithResistanceBandViewController.swift; sourceTree = "<group>"; };
		D01E1F7A28E7E5BE008D373F /* BandedRotationModel.swift */ = {isa = PBXFileReference; fileEncoding = 4; lastKnownFileType = sourcecode.swift; path = BandedRotationModel.swift; sourceTree = "<group>"; };
		D01E1F7C28E7E5BE008D373F /* BandedRotationStartClassifier.swift */ = {isa = PBXFileReference; fileEncoding = 4; lastKnownFileType = sourcecode.swift; path = BandedRotationStartClassifier.swift; sourceTree = "<group>"; };
		D01E1F7D28E7E5BE008D373F /* BandedRotationRepetitionInProgressClassifier.swift */ = {isa = PBXFileReference; fileEncoding = 4; lastKnownFileType = sourcecode.swift; path = BandedRotationRepetitionInProgressClassifier.swift; sourceTree = "<group>"; };
		D01E1F7E28E7E5BE008D373F /* BandedRotationRepetitionClassifier.swift */ = {isa = PBXFileReference; fileEncoding = 4; lastKnownFileType = sourcecode.swift; path = BandedRotationRepetitionClassifier.swift; sourceTree = "<group>"; };
		D01E1F7F28E7E5BE008D373F /* BandedRotationInPositionClassifier.swift */ = {isa = PBXFileReference; fileEncoding = 4; lastKnownFileType = sourcecode.swift; path = BandedRotationInPositionClassifier.swift; sourceTree = "<group>"; };
		D01E1F8028E7E5BE008D373F /* BandedRotationView.swift */ = {isa = PBXFileReference; fileEncoding = 4; lastKnownFileType = sourcecode.swift; path = BandedRotationView.swift; sourceTree = "<group>"; };
		D01E1F8128E7E5BE008D373F /* BandedRotationViewController.swift */ = {isa = PBXFileReference; fileEncoding = 4; lastKnownFileType = sourcecode.swift; path = BandedRotationViewController.swift; sourceTree = "<group>"; };
		D01E1F8328E7E5BE008D373F /* ShoulderAbductionViewController.swift */ = {isa = PBXFileReference; fileEncoding = 4; lastKnownFileType = sourcecode.swift; path = ShoulderAbductionViewController.swift; sourceTree = "<group>"; };
		D01E1F8428E7E5BE008D373F /* ShoulderAbductionView.swift */ = {isa = PBXFileReference; fileEncoding = 4; lastKnownFileType = sourcecode.swift; path = ShoulderAbductionView.swift; sourceTree = "<group>"; };
		D01E1F8528E7E5BE008D373F /* ShoulderAbductionModel.swift */ = {isa = PBXFileReference; fileEncoding = 4; lastKnownFileType = sourcecode.swift; path = ShoulderAbductionModel.swift; sourceTree = "<group>"; };
		D01E1F8728E7E5BE008D373F /* ShoulderAbductionStartClassifier.swift */ = {isa = PBXFileReference; fileEncoding = 4; lastKnownFileType = sourcecode.swift; path = ShoulderAbductionStartClassifier.swift; sourceTree = "<group>"; };
		D01E1F8828E7E5BE008D373F /* ShoulderAbductionInPositionClassifier.swift */ = {isa = PBXFileReference; fileEncoding = 4; lastKnownFileType = sourcecode.swift; path = ShoulderAbductionInPositionClassifier.swift; sourceTree = "<group>"; };
		D01E1F8928E7E5BE008D373F /* ShoulderAbductionRepetitionClassifier.swift */ = {isa = PBXFileReference; fileEncoding = 4; lastKnownFileType = sourcecode.swift; path = ShoulderAbductionRepetitionClassifier.swift; sourceTree = "<group>"; };
		D01E1F8A28E7E5BE008D373F /* ShoulderAbductionRepetitionInProgressClassifier.swift */ = {isa = PBXFileReference; fileEncoding = 4; lastKnownFileType = sourcecode.swift; path = ShoulderAbductionRepetitionInProgressClassifier.swift; sourceTree = "<group>"; };
		D01E1F8C28E7E5BE008D373F /* PosteriorCapsuleStretchView.swift */ = {isa = PBXFileReference; fileEncoding = 4; lastKnownFileType = sourcecode.swift; path = PosteriorCapsuleStretchView.swift; sourceTree = "<group>"; };
		D01E1F8D28E7E5BE008D373F /* PosteriorCapsuleStretchModel.swift */ = {isa = PBXFileReference; fileEncoding = 4; lastKnownFileType = sourcecode.swift; path = PosteriorCapsuleStretchModel.swift; sourceTree = "<group>"; };
		D01E1F8E28E7E5BE008D373F /* PosteriorCapsuleStretchViewController.swift */ = {isa = PBXFileReference; fileEncoding = 4; lastKnownFileType = sourcecode.swift; path = PosteriorCapsuleStretchViewController.swift; sourceTree = "<group>"; };
		D01E1F9028E7E5BE008D373F /* PosteriorCapsuleStretchStartClassifier.swift */ = {isa = PBXFileReference; fileEncoding = 4; lastKnownFileType = sourcecode.swift; path = PosteriorCapsuleStretchStartClassifier.swift; sourceTree = "<group>"; };
		D01E1F9128E7E5BE008D373F /* PosteriorCapsuleStretchRepetitionClassifier.swift */ = {isa = PBXFileReference; fileEncoding = 4; lastKnownFileType = sourcecode.swift; path = PosteriorCapsuleStretchRepetitionClassifier.swift; sourceTree = "<group>"; };
		D01E1F9228E7E5BE008D373F /* PosteriorCapsuleStretchInPositionClassifier.swift */ = {isa = PBXFileReference; fileEncoding = 4; lastKnownFileType = sourcecode.swift; path = PosteriorCapsuleStretchInPositionClassifier.swift; sourceTree = "<group>"; };
		D01E1F9328E7E5BE008D373F /* PosteriorCapsuleStretchRepetitionInProgressClassifier.swift */ = {isa = PBXFileReference; fileEncoding = 4; lastKnownFileType = sourcecode.swift; path = PosteriorCapsuleStretchRepetitionInProgressClassifier.swift; sourceTree = "<group>"; };
		D01E1F9528E7E5BF008D373F /* ShoulderExtensionView.swift */ = {isa = PBXFileReference; fileEncoding = 4; lastKnownFileType = sourcecode.swift; path = ShoulderExtensionView.swift; sourceTree = "<group>"; };
		D01E1F9628E7E5BF008D373F /* ShoulderExtensionViewController.swift */ = {isa = PBXFileReference; fileEncoding = 4; lastKnownFileType = sourcecode.swift; path = ShoulderExtensionViewController.swift; sourceTree = "<group>"; };
		D01E1F9728E7E5BF008D373F /* ShoulderExtensionModel.swift */ = {isa = PBXFileReference; fileEncoding = 4; lastKnownFileType = sourcecode.swift; path = ShoulderExtensionModel.swift; sourceTree = "<group>"; };
		D01E1F9928E7E5BF008D373F /* ShoulderExtensionRepetitionInProgressClassifier.swift */ = {isa = PBXFileReference; fileEncoding = 4; lastKnownFileType = sourcecode.swift; path = ShoulderExtensionRepetitionInProgressClassifier.swift; sourceTree = "<group>"; };
		D01E1F9A28E7E5BF008D373F /* ShoulderExtensionStartClassifier.swift */ = {isa = PBXFileReference; fileEncoding = 4; lastKnownFileType = sourcecode.swift; path = ShoulderExtensionStartClassifier.swift; sourceTree = "<group>"; };
		D01E1F9B28E7E5BF008D373F /* ShoulderExtensionRepetitionClassifier.swift */ = {isa = PBXFileReference; fileEncoding = 4; lastKnownFileType = sourcecode.swift; path = ShoulderExtensionRepetitionClassifier.swift; sourceTree = "<group>"; };
		D01E1F9C28E7E5BF008D373F /* ShoulderExtensionInPositionClassifier.swift */ = {isa = PBXFileReference; fileEncoding = 4; lastKnownFileType = sourcecode.swift; path = ShoulderExtensionInPositionClassifier.swift; sourceTree = "<group>"; };
		D01E1F9E28E7E5BF008D373F /* ShoulderHorizontalAbductionView.swift */ = {isa = PBXFileReference; fileEncoding = 4; lastKnownFileType = sourcecode.swift; path = ShoulderHorizontalAbductionView.swift; sourceTree = "<group>"; };
		D01E1F9F28E7E5BF008D373F /* ShoulderHorizontalAbductionViewController.swift */ = {isa = PBXFileReference; fileEncoding = 4; lastKnownFileType = sourcecode.swift; path = ShoulderHorizontalAbductionViewController.swift; sourceTree = "<group>"; };
		D01E1FA128E7E5BF008D373F /* ShoulderHorizontalAbductionInPositionClassifier.swift */ = {isa = PBXFileReference; fileEncoding = 4; lastKnownFileType = sourcecode.swift; path = ShoulderHorizontalAbductionInPositionClassifier.swift; sourceTree = "<group>"; };
		D01E1FA228E7E5BF008D373F /* ShoulderHorizontalAbductionRepetitionClassifier.swift */ = {isa = PBXFileReference; fileEncoding = 4; lastKnownFileType = sourcecode.swift; path = ShoulderHorizontalAbductionRepetitionClassifier.swift; sourceTree = "<group>"; };
		D01E1FA328E7E5BF008D373F /* ShoulderHorizontalAbductionStartClassifier.swift */ = {isa = PBXFileReference; fileEncoding = 4; lastKnownFileType = sourcecode.swift; path = ShoulderHorizontalAbductionStartClassifier.swift; sourceTree = "<group>"; };
		D01E1FA428E7E5BF008D373F /* ShoulderHorizontalAbductionRepetitionInProgressClassifier.swift */ = {isa = PBXFileReference; fileEncoding = 4; lastKnownFileType = sourcecode.swift; path = ShoulderHorizontalAbductionRepetitionInProgressClassifier.swift; sourceTree = "<group>"; };
		D01E1FA528E7E5BF008D373F /* ShoulderHorizontalAbductionModel.swift */ = {isa = PBXFileReference; fileEncoding = 4; lastKnownFileType = sourcecode.swift; path = ShoulderHorizontalAbductionModel.swift; sourceTree = "<group>"; };
		D01E1FA728E7E5BF008D373F /* BicepsFlexionView.swift */ = {isa = PBXFileReference; fileEncoding = 4; lastKnownFileType = sourcecode.swift; path = BicepsFlexionView.swift; sourceTree = "<group>"; };
		D01E1FA828E7E5BF008D373F /* BicepsFlexionViewController.swift */ = {isa = PBXFileReference; fileEncoding = 4; lastKnownFileType = sourcecode.swift; path = BicepsFlexionViewController.swift; sourceTree = "<group>"; };
		D01E1FAA28E7E5BF008D373F /* BicepsFlexionRepetitionClassifier.swift */ = {isa = PBXFileReference; fileEncoding = 4; lastKnownFileType = sourcecode.swift; path = BicepsFlexionRepetitionClassifier.swift; sourceTree = "<group>"; };
		D01E1FAB28E7E5BF008D373F /* BicepsFlexionRepetitionInProgressClassifier.swift */ = {isa = PBXFileReference; fileEncoding = 4; lastKnownFileType = sourcecode.swift; path = BicepsFlexionRepetitionInProgressClassifier.swift; sourceTree = "<group>"; };
		D01E1FAC28E7E5BF008D373F /* BicepsFlexionInPositionClassifier.swift */ = {isa = PBXFileReference; fileEncoding = 4; lastKnownFileType = sourcecode.swift; path = BicepsFlexionInPositionClassifier.swift; sourceTree = "<group>"; };
		D01E1FAD28E7E5BF008D373F /* BicepsFlexionStartClassifier.swift */ = {isa = PBXFileReference; fileEncoding = 4; lastKnownFileType = sourcecode.swift; path = BicepsFlexionStartClassifier.swift; sourceTree = "<group>"; };
		D01E1FAE28E7E5BF008D373F /* BicepsFlexionModel.swift */ = {isa = PBXFileReference; fileEncoding = 4; lastKnownFileType = sourcecode.swift; path = BicepsFlexionModel.swift; sourceTree = "<group>"; };
		D01E1FEF28E7E6D4008D373F /* AssistedKneeExtensionViewController.swift */ = {isa = PBXFileReference; fileEncoding = 4; lastKnownFileType = sourcecode.swift; path = AssistedKneeExtensionViewController.swift; sourceTree = "<group>"; };
		D01E1FF028E7E6D4008D373F /* AssistedKneeExtensionModel.swift */ = {isa = PBXFileReference; fileEncoding = 4; lastKnownFileType = sourcecode.swift; path = AssistedKneeExtensionModel.swift; sourceTree = "<group>"; };
		D01E1FF128E7E6D4008D373F /* AssistedKneeExtensionView.swift */ = {isa = PBXFileReference; fileEncoding = 4; lastKnownFileType = sourcecode.swift; path = AssistedKneeExtensionView.swift; sourceTree = "<group>"; };
		D01E1FF328E7E6D4008D373F /* AssistedKneeExtensionStartClassifier.swift */ = {isa = PBXFileReference; fileEncoding = 4; lastKnownFileType = sourcecode.swift; path = AssistedKneeExtensionStartClassifier.swift; sourceTree = "<group>"; };
		D01E1FF428E7E6D4008D373F /* AssistedKneeExtensionInPositionClassifier.swift */ = {isa = PBXFileReference; fileEncoding = 4; lastKnownFileType = sourcecode.swift; path = AssistedKneeExtensionInPositionClassifier.swift; sourceTree = "<group>"; };
		D01E1FF528E7E6D4008D373F /* AssistedKneeExtensionRepetitionInProgressClassifier.swift */ = {isa = PBXFileReference; fileEncoding = 4; lastKnownFileType = sourcecode.swift; path = AssistedKneeExtensionRepetitionInProgressClassifier.swift; sourceTree = "<group>"; };
		D01E1FF628E7E6D4008D373F /* AssistedKneeExtensionRepetitionClassifier.swift */ = {isa = PBXFileReference; fileEncoding = 4; lastKnownFileType = sourcecode.swift; path = AssistedKneeExtensionRepetitionClassifier.swift; sourceTree = "<group>"; };
		D01E1FF828E7E6D4008D373F /* AssistedKneeFlexionViewController.swift */ = {isa = PBXFileReference; fileEncoding = 4; lastKnownFileType = sourcecode.swift; path = AssistedKneeFlexionViewController.swift; sourceTree = "<group>"; };
		D01E1FF928E7E6D4008D373F /* AssistedKneeFlexionModel.swift */ = {isa = PBXFileReference; fileEncoding = 4; lastKnownFileType = sourcecode.swift; path = AssistedKneeFlexionModel.swift; sourceTree = "<group>"; };
		D01E1FFA28E7E6D4008D373F /* AssistedKneeFlexionView.swift */ = {isa = PBXFileReference; fileEncoding = 4; lastKnownFileType = sourcecode.swift; path = AssistedKneeFlexionView.swift; sourceTree = "<group>"; };
		D01E1FFC28E7E6D4008D373F /* AssistedKneeFlexionInPositionClassifier.swift */ = {isa = PBXFileReference; fileEncoding = 4; lastKnownFileType = sourcecode.swift; path = AssistedKneeFlexionInPositionClassifier.swift; sourceTree = "<group>"; };
		D01E1FFD28E7E6D4008D373F /* AssistedKneeFlexionRepetitionClassifier.swift */ = {isa = PBXFileReference; fileEncoding = 4; lastKnownFileType = sourcecode.swift; path = AssistedKneeFlexionRepetitionClassifier.swift; sourceTree = "<group>"; };
		D01E1FFE28E7E6D4008D373F /* AssistedKneeFlexionStartClassifier.swift */ = {isa = PBXFileReference; fileEncoding = 4; lastKnownFileType = sourcecode.swift; path = AssistedKneeFlexionStartClassifier.swift; sourceTree = "<group>"; };
		D01E1FFF28E7E6D4008D373F /* AssistedKneeFlexionRepetitionInProgressClassifier.swift */ = {isa = PBXFileReference; fileEncoding = 4; lastKnownFileType = sourcecode.swift; path = AssistedKneeFlexionRepetitionInProgressClassifier.swift; sourceTree = "<group>"; };
		D01E200128E7E6D4008D373F /* StandingKneeBendView.swift */ = {isa = PBXFileReference; fileEncoding = 4; lastKnownFileType = sourcecode.swift; path = StandingKneeBendView.swift; sourceTree = "<group>"; };
		D01E200228E7E6D4008D373F /* StandingKneeBendViewController.swift */ = {isa = PBXFileReference; fileEncoding = 4; lastKnownFileType = sourcecode.swift; path = StandingKneeBendViewController.swift; sourceTree = "<group>"; };
		D01E200328E7E6D4008D373F /* StandingKneeBendModel.swift */ = {isa = PBXFileReference; fileEncoding = 4; lastKnownFileType = sourcecode.swift; path = StandingKneeBendModel.swift; sourceTree = "<group>"; };
		D01E200528E7E6D4008D373F /* StandingKneeBendStartClassifier.swift */ = {isa = PBXFileReference; fileEncoding = 4; lastKnownFileType = sourcecode.swift; path = StandingKneeBendStartClassifier.swift; sourceTree = "<group>"; };
		D01E200628E7E6D4008D373F /* StandingKneeBendRepetitionClassifier.swift */ = {isa = PBXFileReference; fileEncoding = 4; lastKnownFileType = sourcecode.swift; path = StandingKneeBendRepetitionClassifier.swift; sourceTree = "<group>"; };
		D01E200728E7E6D4008D373F /* StandingKneeBendInPositionClassifier.swift */ = {isa = PBXFileReference; fileEncoding = 4; lastKnownFileType = sourcecode.swift; path = StandingKneeBendInPositionClassifier.swift; sourceTree = "<group>"; };
		D01E200828E7E6D4008D373F /* StandingKneeBendRepetitionInProgressClassifier.swift */ = {isa = PBXFileReference; fileEncoding = 4; lastKnownFileType = sourcecode.swift; path = StandingKneeBendRepetitionInProgressClassifier.swift; sourceTree = "<group>"; };
		D01E202128E7EA3B008D373F /* PosteriorCapsuleStretch-4.png */ = {isa = PBXFileReference; lastKnownFileType = image.png; path = "PosteriorCapsuleStretch-4.png"; sourceTree = "<group>"; };
		D01E202228E7EA3B008D373F /* PosteriorCapsuleStretch-1.png */ = {isa = PBXFileReference; lastKnownFileType = image.png; path = "PosteriorCapsuleStretch-1.png"; sourceTree = "<group>"; };
		D01E202328E7EA3B008D373F /* PosteriorCapsuleStretch-3.png */ = {isa = PBXFileReference; lastKnownFileType = image.png; path = "PosteriorCapsuleStretch-3.png"; sourceTree = "<group>"; };
		D01E202428E7EA3B008D373F /* PosteriorCapsuleStretch-2.png */ = {isa = PBXFileReference; lastKnownFileType = image.png; path = "PosteriorCapsuleStretch-2.png"; sourceTree = "<group>"; };
		D01E202A28E7EA86008D373F /* KneeProgramView.swift */ = {isa = PBXFileReference; lastKnownFileType = sourcecode.swift; path = KneeProgramView.swift; sourceTree = "<group>"; };
		D01E202C28E7EA91008D373F /* KneeConfirmView.swift */ = {isa = PBXFileReference; lastKnownFileType = sourcecode.swift; path = KneeConfirmView.swift; sourceTree = "<group>"; };
		D01E202E28E7EAE5008D373F /* KneeListView.swift */ = {isa = PBXFileReference; lastKnownFileType = sourcecode.swift; path = KneeListView.swift; sourceTree = "<group>"; };
		D01E203128E7EBEE008D373F /* ShoulderProgramView.swift */ = {isa = PBXFileReference; lastKnownFileType = sourcecode.swift; path = ShoulderProgramView.swift; sourceTree = "<group>"; };
		D01E203328E7EBF5008D373F /* ShoulderConfirmView.swift */ = {isa = PBXFileReference; lastKnownFileType = sourcecode.swift; path = ShoulderConfirmView.swift; sourceTree = "<group>"; };
		D01E203528E7EBFF008D373F /* ShoulderListView.swift */ = {isa = PBXFileReference; lastKnownFileType = sourcecode.swift; path = ShoulderListView.swift; sourceTree = "<group>"; };
		D072418928E29A7C000A6B45 /* DLW.app */ = {isa = PBXFileReference; explicitFileType = wrapper.application; includeInIndex = 0; path = DLW.app; sourceTree = BUILT_PRODUCTS_DIR; };
		D072418C28E29A7C000A6B45 /* DLWApp.swift */ = {isa = PBXFileReference; lastKnownFileType = sourcecode.swift; path = DLWApp.swift; sourceTree = "<group>"; };
		D072419028E29A7E000A6B45 /* Assets.xcassets */ = {isa = PBXFileReference; lastKnownFileType = folder.assetcatalog; path = Assets.xcassets; sourceTree = "<group>"; };
		D072419328E29A7E000A6B45 /* Preview Assets.xcassets */ = {isa = PBXFileReference; lastKnownFileType = folder.assetcatalog; path = "Preview Assets.xcassets"; sourceTree = "<group>"; };
/* End PBXFileReference section */

/* Begin PBXFrameworksBuildPhase section */
		D072418628E29A7C000A6B45 /* Frameworks */ = {
			isa = PBXFrameworksBuildPhase;
			buildActionMask = 2147483647;
			files = (
				D01E203928E7EFA7008D373F /* ConfettiSwiftUI in Frameworks */,
				285CB71BC9BA497C17FED029 /* Pods_DLW.framework in Frameworks */,
			);
			runOnlyForDeploymentPostprocessing = 0;
		};
/* End PBXFrameworksBuildPhase section */

/* Begin PBXGroup section */
		A2AF2EA213C1B2911E7A0EE6 /* Frameworks */ = {
			isa = PBXGroup;
			children = (
				A627F16721710C26AC1607E7 /* Pods_DLW.framework */,
			);
			name = Frameworks;
			sourceTree = "<group>";
		};
		D00DFCD428E71762009C3C51 /* User */ = {
			isa = PBXGroup;
			children = (
				D00DFCD528E71772009C3C51 /* SignInView.swift */,
				D00DFCDE28E719A7009C3C51 /* SignInFormView.swift */,
				D01ABA3028E7361F005B6D3B /* SignUpView.swift */,
				D00DFCE028E719B7009C3C51 /* UserModel.swift */,
				D00DFCE228E71D5F009C3C51 /* UserViewController.swift */,
				D00DFCE428E71F47009C3C51 /* Credentials.swift */,
			);
			path = User;
			sourceTree = "<group>";
		};
		D00DFCD928E7193E009C3C51 /* Services */ = {
			isa = PBXGroup;
			children = (
				D00DFCDA28E7194D009C3C51 /* Extensions.swift */,
				D01E1F4A28E7E328008D373F /* VisionHelper.swift */,
				D01E1F4C28E7E341008D373F /* Commons.swift */,
				D01E1F4E28E7E363008D373F /* Classifier.swift */,
				D01E1F5028E7E387008D373F /* ObservationHelpers.swift */,
				D01E1F5228E7E399008D373F /* AudioManager.swift */,
				D01E1F5428E7E3B3008D373F /* Constants.swift */,
				D01ABA3228E7366F005B6D3B /* Components.swift */,
				D01ABA3828E76848005B6D3B /* DefaultSetting.swift */,
			);
			path = Services;
			sourceTree = "<group>";
		};
		D01ABA3428E736A6005B6D3B /* MainPage */ = {
			isa = PBXGroup;
			children = (
				D01E202928E7EA77008D373F /* Knee */,
				D01E203028E7EBE0008D373F /* Shoulder */,
				D01ABA3528E736B3005B6D3B /* HomepageView.swift */,
				D01E1F4228E7E1CC008D373F /* ProgramCategoryView.swift */,
				D01E1F4428E7E1F8008D373F /* ProfileView.swift */,
				D01E1F4628E7E242008D373F /* HomepageModel.swift */,
				D01E1F4828E7E2A0008D373F /* HomepageHelper.swift */,
			);
			path = MainPage;
			sourceTree = "<group>";
		};
		D01E1F5628E7E4BB008D373F /* Vision */ = {
			isa = PBXGroup;
			children = (
				D01E1F5728E7E4CF008D373F /* MoveView.swift */,
				D01E1F5928E7E4E8008D373F /* MoveViewHelpers.swift */,
				D01E1F5B28E7E4F0008D373F /* Move.swift */,
				D01E1F5D28E7E56E008D373F /* Exercises */,
			);
			path = Vision;
			sourceTree = "<group>";
		};
		D01E1F5D28E7E56E008D373F /* Exercises */ = {
			isa = PBXGroup;
			children = (
				D01E1FA628E7E5BF008D373F /* BicepsFlexion */,
				D01E1F7928E7E5BE008D373F /* BandedRotation */,
				D01E1F8B28E7E5BE008D373F /* PosteriorCapsuleStretch */,
				D01E1F6728E7E5BE008D373F /* ExternalRotationWithResistanceBand */,
				D01E1F7028E7E5BE008D373F /* InternalRotationWithResistanceBand */,
				D01E1F8228E7E5BE008D373F /* ShoulderAbduction */,
				D01E1F9428E7E5BF008D373F /* ShoulderExtension */,
				D01E1F5E28E7E5BE008D373F /* ShoulderFlexion */,
				D01E1F9D28E7E5BF008D373F /* ShoulderHorizontalAbduction */,
				D01E200028E7E6D4008D373F /* StandingKneeBend */,
				D01E1FEE28E7E6D4008D373F /* AssistedKneeExtension */,
				D01E1FF728E7E6D4008D373F /* AssistedKneeFlexion */,
			);
			path = Exercises;
			sourceTree = "<group>";
		};
		D01E1F5E28E7E5BE008D373F /* ShoulderFlexion */ = {
			isa = PBXGroup;
			children = (
				D01E1F6228E7E5BE008D373F /* Classifiers */,
				D01E1F6128E7E5BE008D373F /* ShoulderFlexionView.swift */,
				D01E1F6028E7E5BE008D373F /* ShoulderFlexionModel.swift */,
				D01E1F5F28E7E5BE008D373F /* ShoulderFlexionViewController.swift */,
			);
			path = ShoulderFlexion;
			sourceTree = "<group>";
		};
		D01E1F6228E7E5BE008D373F /* Classifiers */ = {
			isa = PBXGroup;
			children = (
				D01E1F6328E7E5BE008D373F /* ShoulderFlexionStartClassifier.swift */,
				D01E1F6428E7E5BE008D373F /* ShoulderFlexionRepetitionInProgressClassifier.swift */,
				D01E1F6528E7E5BE008D373F /* ShoulderFlexionInPositionClassifier.swift */,
				D01E1F6628E7E5BE008D373F /* ShoulderFlexionRepetitionClassifier.swift */,
			);
			path = Classifiers;
			sourceTree = "<group>";
		};
		D01E1F6728E7E5BE008D373F /* ExternalRotationWithResistanceBand */ = {
			isa = PBXGroup;
			children = (
				D01E1F6B28E7E5BE008D373F /* Classifiers */,
				D01E1F6928E7E5BE008D373F /* ExternalRotationWithResistanceBandView.swift */,
				D01E1F6828E7E5BE008D373F /* ExternalRotationWithResistanceBandModel.swift */,
				D01E1F6A28E7E5BE008D373F /* ExternalRotationWithResistanceBandViewController.swift */,
			);
			path = ExternalRotationWithResistanceBand;
			sourceTree = "<group>";
		};
		D01E1F6B28E7E5BE008D373F /* Classifiers */ = {
			isa = PBXGroup;
			children = (
				D01E1F6C28E7E5BE008D373F /* ExternalRotationWithResistanceBandRepetitionClassifier.swift */,
				D01E1F6D28E7E5BE008D373F /* ExternalRotationWithResistanceBandRepetitionInProgressClassifier.swift */,
				D01E1F6E28E7E5BE008D373F /* ExternalRotationWithResistanceBandInPositionClassifier.swift */,
				D01E1F6F28E7E5BE008D373F /* ExternalRotationWithResistanceBandStartClassifier.swift */,
			);
			path = Classifiers;
			sourceTree = "<group>";
		};
		D01E1F7028E7E5BE008D373F /* InternalRotationWithResistanceBand */ = {
			isa = PBXGroup;
			children = (
				D01E1F7328E7E5BE008D373F /* Classifiers */,
				D01E1F7228E7E5BE008D373F /* InternalRotationWithResistanceBandView.swift */,
				D01E1F7128E7E5BE008D373F /* InternalRotationWithResistanceBandModel.swift */,
				D01E1F7828E7E5BE008D373F /* InternalRotationWithResistanceBandViewController.swift */,
			);
			path = InternalRotationWithResistanceBand;
			sourceTree = "<group>";
		};
		D01E1F7328E7E5BE008D373F /* Classifiers */ = {
			isa = PBXGroup;
			children = (
				D01E1F7428E7E5BE008D373F /* InternalRotationWithResistanceBandRepetitionInProgressClassifier.swift */,
				D01E1F7528E7E5BE008D373F /* InternalRotationWithResistanceBandStartClassifier.swift */,
				D01E1F7628E7E5BE008D373F /* InternalRotationWithResistanceBandRepetitionClassifier.swift */,
				D01E1F7728E7E5BE008D373F /* InternalRotationWithResistanceBandInPositionClassifier.swift */,
			);
			path = Classifiers;
			sourceTree = "<group>";
		};
		D01E1F7928E7E5BE008D373F /* BandedRotation */ = {
			isa = PBXGroup;
			children = (
				D01E1F7B28E7E5BE008D373F /* Classifier */,
				D01E1F8028E7E5BE008D373F /* BandedRotationView.swift */,
				D01E1F7A28E7E5BE008D373F /* BandedRotationModel.swift */,
				D01E1F8128E7E5BE008D373F /* BandedRotationViewController.swift */,
			);
			path = BandedRotation;
			sourceTree = "<group>";
		};
		D01E1F7B28E7E5BE008D373F /* Classifier */ = {
			isa = PBXGroup;
			children = (
				D01E1F7C28E7E5BE008D373F /* BandedRotationStartClassifier.swift */,
				D01E1F7D28E7E5BE008D373F /* BandedRotationRepetitionInProgressClassifier.swift */,
				D01E1F7E28E7E5BE008D373F /* BandedRotationRepetitionClassifier.swift */,
				D01E1F7F28E7E5BE008D373F /* BandedRotationInPositionClassifier.swift */,
			);
			path = Classifier;
			sourceTree = "<group>";
		};
		D01E1F8228E7E5BE008D373F /* ShoulderAbduction */ = {
			isa = PBXGroup;
			children = (
				D01E1F8628E7E5BE008D373F /* Classifiers */,
				D01E1F8428E7E5BE008D373F /* ShoulderAbductionView.swift */,
				D01E1F8528E7E5BE008D373F /* ShoulderAbductionModel.swift */,
				D01E1F8328E7E5BE008D373F /* ShoulderAbductionViewController.swift */,
			);
			path = ShoulderAbduction;
			sourceTree = "<group>";
		};
		D01E1F8628E7E5BE008D373F /* Classifiers */ = {
			isa = PBXGroup;
			children = (
				D01E1F8728E7E5BE008D373F /* ShoulderAbductionStartClassifier.swift */,
				D01E1F8828E7E5BE008D373F /* ShoulderAbductionInPositionClassifier.swift */,
				D01E1F8928E7E5BE008D373F /* ShoulderAbductionRepetitionClassifier.swift */,
				D01E1F8A28E7E5BE008D373F /* ShoulderAbductionRepetitionInProgressClassifier.swift */,
			);
			path = Classifiers;
			sourceTree = "<group>";
		};
		D01E1F8B28E7E5BE008D373F /* PosteriorCapsuleStretch */ = {
			isa = PBXGroup;
			children = (
				D01E1F8F28E7E5BE008D373F /* Classifiers */,
				D01E1F8C28E7E5BE008D373F /* PosteriorCapsuleStretchView.swift */,
				D01E1F8D28E7E5BE008D373F /* PosteriorCapsuleStretchModel.swift */,
				D01E1F8E28E7E5BE008D373F /* PosteriorCapsuleStretchViewController.swift */,
			);
			path = PosteriorCapsuleStretch;
			sourceTree = "<group>";
		};
		D01E1F8F28E7E5BE008D373F /* Classifiers */ = {
			isa = PBXGroup;
			children = (
				D01E1F9028E7E5BE008D373F /* PosteriorCapsuleStretchStartClassifier.swift */,
				D01E1F9128E7E5BE008D373F /* PosteriorCapsuleStretchRepetitionClassifier.swift */,
				D01E1F9228E7E5BE008D373F /* PosteriorCapsuleStretchInPositionClassifier.swift */,
				D01E1F9328E7E5BE008D373F /* PosteriorCapsuleStretchRepetitionInProgressClassifier.swift */,
			);
			path = Classifiers;
			sourceTree = "<group>";
		};
		D01E1F9428E7E5BF008D373F /* ShoulderExtension */ = {
			isa = PBXGroup;
			children = (
				D01E1F9828E7E5BF008D373F /* Classifiers */,
				D01E1F9528E7E5BF008D373F /* ShoulderExtensionView.swift */,
				D01E1F9728E7E5BF008D373F /* ShoulderExtensionModel.swift */,
				D01E1F9628E7E5BF008D373F /* ShoulderExtensionViewController.swift */,
			);
			path = ShoulderExtension;
			sourceTree = "<group>";
		};
		D01E1F9828E7E5BF008D373F /* Classifiers */ = {
			isa = PBXGroup;
			children = (
				D01E1F9928E7E5BF008D373F /* ShoulderExtensionRepetitionInProgressClassifier.swift */,
				D01E1F9A28E7E5BF008D373F /* ShoulderExtensionStartClassifier.swift */,
				D01E1F9B28E7E5BF008D373F /* ShoulderExtensionRepetitionClassifier.swift */,
				D01E1F9C28E7E5BF008D373F /* ShoulderExtensionInPositionClassifier.swift */,
			);
			path = Classifiers;
			sourceTree = "<group>";
		};
		D01E1F9D28E7E5BF008D373F /* ShoulderHorizontalAbduction */ = {
			isa = PBXGroup;
			children = (
				D01E1FA028E7E5BF008D373F /* Classifiers */,
				D01E1F9E28E7E5BF008D373F /* ShoulderHorizontalAbductionView.swift */,
				D01E1FA528E7E5BF008D373F /* ShoulderHorizontalAbductionModel.swift */,
				D01E1F9F28E7E5BF008D373F /* ShoulderHorizontalAbductionViewController.swift */,
			);
			path = ShoulderHorizontalAbduction;
			sourceTree = "<group>";
		};
		D01E1FA028E7E5BF008D373F /* Classifiers */ = {
			isa = PBXGroup;
			children = (
				D01E1FA128E7E5BF008D373F /* ShoulderHorizontalAbductionInPositionClassifier.swift */,
				D01E1FA228E7E5BF008D373F /* ShoulderHorizontalAbductionRepetitionClassifier.swift */,
				D01E1FA328E7E5BF008D373F /* ShoulderHorizontalAbductionStartClassifier.swift */,
				D01E1FA428E7E5BF008D373F /* ShoulderHorizontalAbductionRepetitionInProgressClassifier.swift */,
			);
			path = Classifiers;
			sourceTree = "<group>";
		};
		D01E1FA628E7E5BF008D373F /* BicepsFlexion */ = {
			isa = PBXGroup;
			children = (
				D01E1FA928E7E5BF008D373F /* Classifiers */,
				D01E1FA728E7E5BF008D373F /* BicepsFlexionView.swift */,
				D01E1FAE28E7E5BF008D373F /* BicepsFlexionModel.swift */,
				D01E1FA828E7E5BF008D373F /* BicepsFlexionViewController.swift */,
			);
			path = BicepsFlexion;
			sourceTree = "<group>";
		};
		D01E1FA928E7E5BF008D373F /* Classifiers */ = {
			isa = PBXGroup;
			children = (
				D01E1FAA28E7E5BF008D373F /* BicepsFlexionRepetitionClassifier.swift */,
				D01E1FAB28E7E5BF008D373F /* BicepsFlexionRepetitionInProgressClassifier.swift */,
				D01E1FAC28E7E5BF008D373F /* BicepsFlexionInPositionClassifier.swift */,
				D01E1FAD28E7E5BF008D373F /* BicepsFlexionStartClassifier.swift */,
			);
			path = Classifiers;
			sourceTree = "<group>";
		};
		D01E1FEE28E7E6D4008D373F /* AssistedKneeExtension */ = {
			isa = PBXGroup;
			children = (
				D01E1FF228E7E6D4008D373F /* Classifiers */,
				D01E1FF128E7E6D4008D373F /* AssistedKneeExtensionView.swift */,
				D01E1FF028E7E6D4008D373F /* AssistedKneeExtensionModel.swift */,
				D01E1FEF28E7E6D4008D373F /* AssistedKneeExtensionViewController.swift */,
			);
			name = AssistedKneeExtension;
			path = DLW/Vision/Exercises/AssistedKneeExtension;
			sourceTree = SOURCE_ROOT;
		};
		D01E1FF228E7E6D4008D373F /* Classifiers */ = {
			isa = PBXGroup;
			children = (
				D01E1FF328E7E6D4008D373F /* AssistedKneeExtensionStartClassifier.swift */,
				D01E1FF428E7E6D4008D373F /* AssistedKneeExtensionInPositionClassifier.swift */,
				D01E1FF528E7E6D4008D373F /* AssistedKneeExtensionRepetitionInProgressClassifier.swift */,
				D01E1FF628E7E6D4008D373F /* AssistedKneeExtensionRepetitionClassifier.swift */,
			);
			path = Classifiers;
			sourceTree = "<group>";
		};
		D01E1FF728E7E6D4008D373F /* AssistedKneeFlexion */ = {
			isa = PBXGroup;
			children = (
				D01E1FFB28E7E6D4008D373F /* Classifiers */,
				D01E1FFA28E7E6D4008D373F /* AssistedKneeFlexionView.swift */,
				D01E1FF928E7E6D4008D373F /* AssistedKneeFlexionModel.swift */,
				D01E1FF828E7E6D4008D373F /* AssistedKneeFlexionViewController.swift */,
			);
			name = AssistedKneeFlexion;
			path = DLW/Vision/Exercises/AssistedKneeFlexion;
			sourceTree = SOURCE_ROOT;
		};
		D01E1FFB28E7E6D4008D373F /* Classifiers */ = {
			isa = PBXGroup;
			children = (
				D01E1FFC28E7E6D4008D373F /* AssistedKneeFlexionInPositionClassifier.swift */,
				D01E1FFD28E7E6D4008D373F /* AssistedKneeFlexionRepetitionClassifier.swift */,
				D01E1FFE28E7E6D4008D373F /* AssistedKneeFlexionStartClassifier.swift */,
				D01E1FFF28E7E6D4008D373F /* AssistedKneeFlexionRepetitionInProgressClassifier.swift */,
			);
			path = Classifiers;
			sourceTree = "<group>";
		};
		D01E200028E7E6D4008D373F /* StandingKneeBend */ = {
			isa = PBXGroup;
			children = (
				D01E200428E7E6D4008D373F /* Classifiers */,
				D01E200128E7E6D4008D373F /* StandingKneeBendView.swift */,
				D01E200328E7E6D4008D373F /* StandingKneeBendModel.swift */,
				D01E200228E7E6D4008D373F /* StandingKneeBendViewController.swift */,
			);
			name = StandingKneeBend;
			path = DLW/Vision/Exercises/StandingKneeBend;
			sourceTree = SOURCE_ROOT;
		};
		D01E200428E7E6D4008D373F /* Classifiers */ = {
			isa = PBXGroup;
			children = (
				D01E200528E7E6D4008D373F /* StandingKneeBendStartClassifier.swift */,
				D01E200628E7E6D4008D373F /* StandingKneeBendRepetitionClassifier.swift */,
				D01E200728E7E6D4008D373F /* StandingKneeBendInPositionClassifier.swift */,
				D01E200828E7E6D4008D373F /* StandingKneeBendRepetitionInProgressClassifier.swift */,
			);
			path = Classifiers;
			sourceTree = "<group>";
		};
		D01E201E28E7EA08008D373F /* Resources */ = {
			isa = PBXGroup;
			children = (
				D01E201F28E7EA1A008D373F /* Images */,
			);
			path = Resources;
			sourceTree = "<group>";
		};
		D01E201F28E7EA1A008D373F /* Images */ = {
			isa = PBXGroup;
			children = (
				D01E202028E7EA3B008D373F /* PosteriorCapsuleStretchGif */,
			);
			path = Images;
			sourceTree = "<group>";
		};
		D01E202028E7EA3B008D373F /* PosteriorCapsuleStretchGif */ = {
			isa = PBXGroup;
			children = (
				D01E202228E7EA3B008D373F /* PosteriorCapsuleStretch-1.png */,
				D01E202428E7EA3B008D373F /* PosteriorCapsuleStretch-2.png */,
				D01E202328E7EA3B008D373F /* PosteriorCapsuleStretch-3.png */,
				D01E202128E7EA3B008D373F /* PosteriorCapsuleStretch-4.png */,
			);
			path = PosteriorCapsuleStretchGif;
			sourceTree = "<group>";
		};
		D01E202928E7EA77008D373F /* Knee */ = {
			isa = PBXGroup;
			children = (
				D01E202A28E7EA86008D373F /* KneeProgramView.swift */,
				D01E202C28E7EA91008D373F /* KneeConfirmView.swift */,
				D01E202E28E7EAE5008D373F /* KneeListView.swift */,
			);
			path = Knee;
			sourceTree = "<group>";
		};
		D01E203028E7EBE0008D373F /* Shoulder */ = {
			isa = PBXGroup;
			children = (
				D01E203128E7EBEE008D373F /* ShoulderProgramView.swift */,
				D01E203328E7EBF5008D373F /* ShoulderConfirmView.swift */,
				D01E203528E7EBFF008D373F /* ShoulderListView.swift */,
			);
			path = Shoulder;
			sourceTree = "<group>";
		};
		D072418028E29A7C000A6B45 = {
			isa = PBXGroup;
			children = (
				D072418B28E29A7C000A6B45 /* DLW */,
				D072418A28E29A7C000A6B45 /* Products */,
				D4483EA7D8241D30F586BADE /* Pods */,
				A2AF2EA213C1B2911E7A0EE6 /* Frameworks */,
			);
			sourceTree = "<group>";
		};
		D072418A28E29A7C000A6B45 /* Products */ = {
			isa = PBXGroup;
			children = (
				D072418928E29A7C000A6B45 /* DLW.app */,
			);
			name = Products;
			sourceTree = "<group>";
		};
		D072418B28E29A7C000A6B45 /* DLW */ = {
			isa = PBXGroup;
			children = (
				D01ABA3728E73EC1005B6D3B /* Info.plist */,
				D01E1F5628E7E4BB008D373F /* Vision */,
				D01ABA3428E736A6005B6D3B /* MainPage */,
				D00DFCD928E7193E009C3C51 /* Services */,
				D00DFCD428E71762009C3C51 /* User */,
				D072418C28E29A7C000A6B45 /* DLWApp.swift */,
				D00DFCD728E717F2009C3C51 /* Authentication.swift */,
				D01E201E28E7EA08008D373F /* Resources */,
				D072419028E29A7E000A6B45 /* Assets.xcassets */,
				D072419228E29A7E000A6B45 /* Preview Content */,
			);
			path = DLW;
			sourceTree = "<group>";
		};
		D072419228E29A7E000A6B45 /* Preview Content */ = {
			isa = PBXGroup;
			children = (
				D072419328E29A7E000A6B45 /* Preview Assets.xcassets */,
			);
			path = "Preview Content";
			sourceTree = "<group>";
		};
		D4483EA7D8241D30F586BADE /* Pods */ = {
			isa = PBXGroup;
			children = (
				A80D9190509D49FCDDC0EE4B /* Pods-DLW.debug.xcconfig */,
				1226B23B1F6C6175AB795A0F /* Pods-DLW.release.xcconfig */,
			);
			path = Pods;
			sourceTree = "<group>";
		};
/* End PBXGroup section */

/* Begin PBXNativeTarget section */
		D072418828E29A7C000A6B45 /* DLW */ = {
			isa = PBXNativeTarget;
			buildConfigurationList = D072419728E29A7E000A6B45 /* Build configuration list for PBXNativeTarget "DLW" */;
			buildPhases = (
				F0E416DD93F753D0F0C2060B /* [CP] Check Pods Manifest.lock */,
				D072418528E29A7C000A6B45 /* Sources */,
				D072418628E29A7C000A6B45 /* Frameworks */,
				D072418728E29A7C000A6B45 /* Resources */,
				19275B040C0EC0F5DB926F51 /* [CP] Embed Pods Frameworks */,
				48E1AA01A8867DFAA6CA9387 /* [CP] Copy Pods Resources */,
			);
			buildRules = (
			);
			dependencies = (
			);
			name = DLW;
			packageProductDependencies = (
				D01E203828E7EFA7008D373F /* ConfettiSwiftUI */,
			);
			productName = DLW;
			productReference = D072418928E29A7C000A6B45 /* DLW.app */;
			productType = "com.apple.product-type.application";
		};
/* End PBXNativeTarget section */

/* Begin PBXProject section */
		D072418128E29A7C000A6B45 /* Project object */ = {
			isa = PBXProject;
			attributes = {
				BuildIndependentTargetsInParallel = 1;
				LastSwiftUpdateCheck = 1400;
				LastUpgradeCheck = 1400;
				TargetAttributes = {
					D072418828E29A7C000A6B45 = {
						CreatedOnToolsVersion = 14.0;
					};
				};
			};
			buildConfigurationList = D072418428E29A7C000A6B45 /* Build configuration list for PBXProject "DLW" */;
			compatibilityVersion = "Xcode 13.0";
			developmentRegion = en;
			hasScannedForEncodings = 0;
			knownRegions = (
				en,
				Base,
			);
			mainGroup = D072418028E29A7C000A6B45;
			packageReferences = (
				D01E203728E7EFA6008D373F /* XCRemoteSwiftPackageReference "ConfettiSwiftUI" */,
			);
			productRefGroup = D072418A28E29A7C000A6B45 /* Products */;
			projectDirPath = "";
			projectRoot = "";
			targets = (
				D072418828E29A7C000A6B45 /* DLW */,
			);
		};
/* End PBXProject section */

/* Begin PBXResourcesBuildPhase section */
		D072418728E29A7C000A6B45 /* Resources */ = {
			isa = PBXResourcesBuildPhase;
			buildActionMask = 2147483647;
			files = (
				D072419428E29A7E000A6B45 /* Preview Assets.xcassets in Resources */,
				D01E202528E7EA3B008D373F /* PosteriorCapsuleStretch-4.png in Resources */,
				D072419128E29A7E000A6B45 /* Assets.xcassets in Resources */,
				D01E202628E7EA3B008D373F /* PosteriorCapsuleStretch-1.png in Resources */,
				D01E202828E7EA3B008D373F /* PosteriorCapsuleStretch-2.png in Resources */,
				D01E202728E7EA3B008D373F /* PosteriorCapsuleStretch-3.png in Resources */,
			);
			runOnlyForDeploymentPostprocessing = 0;
		};
/* End PBXResourcesBuildPhase section */

/* Begin PBXShellScriptBuildPhase section */
		19275B040C0EC0F5DB926F51 /* [CP] Embed Pods Frameworks */ = {
			isa = PBXShellScriptBuildPhase;
			buildActionMask = 2147483647;
			files = (
			);
			inputFileListPaths = (
				"${PODS_ROOT}/Target Support Files/Pods-DLW/Pods-DLW-frameworks-${CONFIGURATION}-input-files.xcfilelist",
			);
			name = "[CP] Embed Pods Frameworks";
			outputFileListPaths = (
				"${PODS_ROOT}/Target Support Files/Pods-DLW/Pods-DLW-frameworks-${CONFIGURATION}-output-files.xcfilelist",
			);
			runOnlyForDeploymentPostprocessing = 0;
			shellPath = /bin/sh;
			shellScript = "\"${PODS_ROOT}/Target Support Files/Pods-DLW/Pods-DLW-frameworks.sh\"\n";
			showEnvVarsInLog = 0;
		};
		48E1AA01A8867DFAA6CA9387 /* [CP] Copy Pods Resources */ = {
			isa = PBXShellScriptBuildPhase;
			buildActionMask = 2147483647;
			files = (
			);
			inputFileListPaths = (
				"${PODS_ROOT}/Target Support Files/Pods-DLW/Pods-DLW-resources-${CONFIGURATION}-input-files.xcfilelist",
			);
			name = "[CP] Copy Pods Resources";
			outputFileListPaths = (
				"${PODS_ROOT}/Target Support Files/Pods-DLW/Pods-DLW-resources-${CONFIGURATION}-output-files.xcfilelist",
			);
			runOnlyForDeploymentPostprocessing = 0;
			shellPath = /bin/sh;
			shellScript = "\"${PODS_ROOT}/Target Support Files/Pods-DLW/Pods-DLW-resources.sh\"\n";
			showEnvVarsInLog = 0;
		};
		F0E416DD93F753D0F0C2060B /* [CP] Check Pods Manifest.lock */ = {
			isa = PBXShellScriptBuildPhase;
			buildActionMask = 2147483647;
			files = (
			);
			inputFileListPaths = (
			);
			inputPaths = (
				"${PODS_PODFILE_DIR_PATH}/Podfile.lock",
				"${PODS_ROOT}/Manifest.lock",
			);
			name = "[CP] Check Pods Manifest.lock";
			outputFileListPaths = (
			);
			outputPaths = (
				"$(DERIVED_FILE_DIR)/Pods-DLW-checkManifestLockResult.txt",
			);
			runOnlyForDeploymentPostprocessing = 0;
			shellPath = /bin/sh;
			shellScript = "diff \"${PODS_PODFILE_DIR_PATH}/Podfile.lock\" \"${PODS_ROOT}/Manifest.lock\" > /dev/null\nif [ $? != 0 ] ; then\n    # print error to STDERR\n    echo \"error: The sandbox is not in sync with the Podfile.lock. Run 'pod install' or update your CocoaPods installation.\" >&2\n    exit 1\nfi\n# This output is used by Xcode 'outputs' to avoid re-running this script phase.\necho \"SUCCESS\" > \"${SCRIPT_OUTPUT_FILE_0}\"\n";
			showEnvVarsInLog = 0;
		};
/* End PBXShellScriptBuildPhase section */

/* Begin PBXSourcesBuildPhase section */
		D072418528E29A7C000A6B45 /* Sources */ = {
			isa = PBXSourcesBuildPhase;
			buildActionMask = 2147483647;
			files = (
				D01E1FC928E7E5BF008D373F /* BandedRotationView.swift in Sources */,
				D00DFCE328E71D5F009C3C51 /* UserViewController.swift in Sources */,
				D01E1FB328E7E5BF008D373F /* ShoulderFlexionRepetitionInProgressClassifier.swift in Sources */,
				D01E1FB828E7E5BF008D373F /* ExternalRotationWithResistanceBandViewController.swift in Sources */,
				D01E1FCF28E7E5BF008D373F /* ShoulderAbductionInPositionClassifier.swift in Sources */,
				D01E1FBE28E7E5BF008D373F /* InternalRotationWithResistanceBandView.swift in Sources */,
				D01E1FC828E7E5BF008D373F /* BandedRotationInPositionClassifier.swift in Sources */,
				D01E1FEA28E7E5BF008D373F /* BicepsFlexionRepetitionInProgressClassifier.swift in Sources */,
				D01E1F5528E7E3B3008D373F /* Constants.swift in Sources */,
				D01E1FCD28E7E5BF008D373F /* ShoulderAbductionModel.swift in Sources */,
				D01E1FCA28E7E5BF008D373F /* BandedRotationViewController.swift in Sources */,
				D01E1FB928E7E5BF008D373F /* ExternalRotationWithResistanceBandRepetitionClassifier.swift in Sources */,
				D01E1FD528E7E5BF008D373F /* PosteriorCapsuleStretchStartClassifier.swift in Sources */,
				D01E1FDE28E7E5BF008D373F /* ShoulderExtensionRepetitionClassifier.swift in Sources */,
				D00DFCDF28E719A7009C3C51 /* SignInFormView.swift in Sources */,
				D01E1FC528E7E5BF008D373F /* BandedRotationStartClassifier.swift in Sources */,
				D01ABA3928E76848005B6D3B /* DefaultSetting.swift in Sources */,
				D01E1FDB28E7E5BF008D373F /* ShoulderExtensionModel.swift in Sources */,
				D01E1FE228E7E5BF008D373F /* ShoulderHorizontalAbductionInPositionClassifier.swift in Sources */,
				D01E1FBF28E7E5BF008D373F /* InternalRotationWithResistanceBandRepetitionInProgressClassifier.swift in Sources */,
				D01E201B28E7E6D5008D373F /* StandingKneeBendRepetitionClassifier.swift in Sources */,
				D00DFCE528E71F47009C3C51 /* Credentials.swift in Sources */,
				D01E1FD028E7E5BF008D373F /* ShoulderAbductionRepetitionClassifier.swift in Sources */,
				D01E1FBD28E7E5BF008D373F /* InternalRotationWithResistanceBandModel.swift in Sources */,
				D01E201228E7E6D5008D373F /* AssistedKneeFlexionView.swift in Sources */,
				D01E201928E7E6D5008D373F /* StandingKneeBendModel.swift in Sources */,
				D01E1FD428E7E5BF008D373F /* PosteriorCapsuleStretchViewController.swift in Sources */,
				D01E203428E7EBF5008D373F /* ShoulderConfirmView.swift in Sources */,
				D01E1FE528E7E5BF008D373F /* ShoulderHorizontalAbductionRepetitionInProgressClassifier.swift in Sources */,
				D01E201028E7E6D5008D373F /* AssistedKneeFlexionViewController.swift in Sources */,
				D01E1F5A28E7E4E8008D373F /* MoveViewHelpers.swift in Sources */,
				D01E1FC728E7E5BF008D373F /* BandedRotationRepetitionClassifier.swift in Sources */,
				D01E1FD728E7E5BF008D373F /* PosteriorCapsuleStretchInPositionClassifier.swift in Sources */,
				D01E1FB528E7E5BF008D373F /* ShoulderFlexionRepetitionClassifier.swift in Sources */,
				D01E1FE728E7E5BF008D373F /* BicepsFlexionView.swift in Sources */,
				D01E1FD928E7E5BF008D373F /* ShoulderExtensionView.swift in Sources */,
				D01E1F4D28E7E341008D373F /* Commons.swift in Sources */,
				D01E1FBB28E7E5BF008D373F /* ExternalRotationWithResistanceBandInPositionClassifier.swift in Sources */,
				D01E1FD228E7E5BF008D373F /* PosteriorCapsuleStretchView.swift in Sources */,
				D01E1FB728E7E5BF008D373F /* ExternalRotationWithResistanceBandView.swift in Sources */,
				D01E1FD328E7E5BF008D373F /* PosteriorCapsuleStretchModel.swift in Sources */,
				D01E200D28E7E6D5008D373F /* AssistedKneeExtensionInPositionClassifier.swift in Sources */,
				D01E200A28E7E6D5008D373F /* AssistedKneeExtensionModel.swift in Sources */,
				D01E1FD828E7E5BF008D373F /* PosteriorCapsuleStretchRepetitionInProgressClassifier.swift in Sources */,
				D01E1F4728E7E242008D373F /* HomepageModel.swift in Sources */,
				D01E201628E7E6D5008D373F /* AssistedKneeFlexionRepetitionInProgressClassifier.swift in Sources */,
				D01E1FE428E7E5BF008D373F /* ShoulderHorizontalAbductionStartClassifier.swift in Sources */,
				D01E201C28E7E6D5008D373F /* StandingKneeBendInPositionClassifier.swift in Sources */,
				D01E1FE128E7E5BF008D373F /* ShoulderHorizontalAbductionViewController.swift in Sources */,
				D01E1F4928E7E2A0008D373F /* HomepageHelper.swift in Sources */,
				D00DFCD628E71772009C3C51 /* SignInView.swift in Sources */,
				D01E1FB028E7E5BF008D373F /* ShoulderFlexionModel.swift in Sources */,
				D01E201D28E7E6D5008D373F /* StandingKneeBendRepetitionInProgressClassifier.swift in Sources */,
				D01E1FB228E7E5BF008D373F /* ShoulderFlexionStartClassifier.swift in Sources */,
				D01E1FDF28E7E5BF008D373F /* ShoulderExtensionInPositionClassifier.swift in Sources */,
				D01E1F4328E7E1CC008D373F /* ProgramCategoryView.swift in Sources */,
				D01E1FCE28E7E5BF008D373F /* ShoulderAbductionStartClassifier.swift in Sources */,
				D072418D28E29A7C000A6B45 /* DLWApp.swift in Sources */,
				D01E1F5828E7E4CF008D373F /* MoveView.swift in Sources */,
				D00DFCD828E717F2009C3C51 /* Authentication.swift in Sources */,
				D00DFCE128E719B7009C3C51 /* UserModel.swift in Sources */,
				D01E201A28E7E6D5008D373F /* StandingKneeBendStartClassifier.swift in Sources */,
				D01E201128E7E6D5008D373F /* AssistedKneeFlexionModel.swift in Sources */,
				D01E1F5C28E7E4F0008D373F /* Move.swift in Sources */,
				D01E1FBA28E7E5BF008D373F /* ExternalRotationWithResistanceBandRepetitionInProgressClassifier.swift in Sources */,
				D01ABA3328E7366F005B6D3B /* Components.swift in Sources */,
				D01E1FB128E7E5BF008D373F /* ShoulderFlexionView.swift in Sources */,
				D01E1FC128E7E5BF008D373F /* InternalRotationWithResistanceBandRepetitionClassifier.swift in Sources */,
				D01E1FE028E7E5BF008D373F /* ShoulderHorizontalAbductionView.swift in Sources */,
				D01E203628E7EBFF008D373F /* ShoulderListView.swift in Sources */,
				D01E1FDC28E7E5BF008D373F /* ShoulderExtensionRepetitionInProgressClassifier.swift in Sources */,
				D01E1FE828E7E5BF008D373F /* BicepsFlexionViewController.swift in Sources */,
				D01ABA3128E7361F005B6D3B /* SignUpView.swift in Sources */,
				D01E1FB428E7E5BF008D373F /* ShoulderFlexionInPositionClassifier.swift in Sources */,
				D01E1F4B28E7E328008D373F /* VisionHelper.swift in Sources */,
				D01E1FC228E7E5BF008D373F /* InternalRotationWithResistanceBandInPositionClassifier.swift in Sources */,
				D01E200928E7E6D5008D373F /* AssistedKneeExtensionViewController.swift in Sources */,
				D01E1FC428E7E5BF008D373F /* BandedRotationModel.swift in Sources */,
				D01E1F5328E7E399008D373F /* AudioManager.swift in Sources */,
				D01E1FCB28E7E5BF008D373F /* ShoulderAbductionViewController.swift in Sources */,
				D01E1F4F28E7E363008D373F /* Classifier.swift in Sources */,
				D01E1FCC28E7E5BF008D373F /* ShoulderAbductionView.swift in Sources */,
				D01E1FEB28E7E5BF008D373F /* BicepsFlexionInPositionClassifier.swift in Sources */,
				D01E1FE328E7E5BF008D373F /* ShoulderHorizontalAbductionRepetitionClassifier.swift in Sources */,
				D01E201528E7E6D5008D373F /* AssistedKneeFlexionStartClassifier.swift in Sources */,
				D01E1FC628E7E5BF008D373F /* BandedRotationRepetitionInProgressClassifier.swift in Sources */,
				D01E200B28E7E6D5008D373F /* AssistedKneeExtensionView.swift in Sources */,
				D01E201328E7E6D5008D373F /* AssistedKneeFlexionInPositionClassifier.swift in Sources */,
				D01E1FE928E7E5BF008D373F /* BicepsFlexionRepetitionClassifier.swift in Sources */,
				D01E201728E7E6D5008D373F /* StandingKneeBendView.swift in Sources */,
				D01ABA3628E736B3005B6D3B /* HomepageView.swift in Sources */,
				D01E200F28E7E6D5008D373F /* AssistedKneeExtensionRepetitionClassifier.swift in Sources */,
				D01E202B28E7EA86008D373F /* KneeProgramView.swift in Sources */,
				D01E202D28E7EA91008D373F /* KneeConfirmView.swift in Sources */,
				D01E1FEC28E7E5BF008D373F /* BicepsFlexionStartClassifier.swift in Sources */,
				D01E1FC028E7E5BF008D373F /* InternalRotationWithResistanceBandStartClassifier.swift in Sources */,
				D01E1FC328E7E5BF008D373F /* InternalRotationWithResistanceBandViewController.swift in Sources */,
				D01E200E28E7E6D5008D373F /* AssistedKneeExtensionRepetitionInProgressClassifier.swift in Sources */,
				D01E1FAF28E7E5BF008D373F /* ShoulderFlexionViewController.swift in Sources */,
				D01E200C28E7E6D5008D373F /* AssistedKneeExtensionStartClassifier.swift in Sources */,
				D01E201428E7E6D5008D373F /* AssistedKneeFlexionRepetitionClassifier.swift in Sources */,
				D01E1FDD28E7E5BF008D373F /* ShoulderExtensionStartClassifier.swift in Sources */,
				D01E1FBC28E7E5BF008D373F /* ExternalRotationWithResistanceBandStartClassifier.swift in Sources */,
				D01E1FED28E7E5BF008D373F /* BicepsFlexionModel.swift in Sources */,
				D01E1FD628E7E5BF008D373F /* PosteriorCapsuleStretchRepetitionClassifier.swift in Sources */,
				D01E202F28E7EAE5008D373F /* KneeListView.swift in Sources */,
				D01E1FD128E7E5BF008D373F /* ShoulderAbductionRepetitionInProgressClassifier.swift in Sources */,
				D01E1FE628E7E5BF008D373F /* ShoulderHorizontalAbductionModel.swift in Sources */,
				D01E201828E7E6D5008D373F /* StandingKneeBendViewController.swift in Sources */,
				D01E203228E7EBEE008D373F /* ShoulderProgramView.swift in Sources */,
				D01E1F4528E7E1F8008D373F /* ProfileView.swift in Sources */,
				D01E1F5128E7E387008D373F /* ObservationHelpers.swift in Sources */,
				D00DFCDB28E7194D009C3C51 /* Extensions.swift in Sources */,
				D01E1FB628E7E5BF008D373F /* ExternalRotationWithResistanceBandModel.swift in Sources */,
				D01E1FDA28E7E5BF008D373F /* ShoulderExtensionViewController.swift in Sources */,
			);
			runOnlyForDeploymentPostprocessing = 0;
		};
/* End PBXSourcesBuildPhase section */

/* Begin XCBuildConfiguration section */
		D072419528E29A7E000A6B45 /* Debug */ = {
			isa = XCBuildConfiguration;
			buildSettings = {
				ALWAYS_SEARCH_USER_PATHS = NO;
				CLANG_ANALYZER_NONNULL = YES;
				CLANG_ANALYZER_NUMBER_OBJECT_CONVERSION = YES_AGGRESSIVE;
				CLANG_CXX_LANGUAGE_STANDARD = "gnu++20";
				CLANG_ENABLE_MODULES = YES;
				CLANG_ENABLE_OBJC_ARC = YES;
				CLANG_ENABLE_OBJC_WEAK = YES;
				CLANG_WARN_BLOCK_CAPTURE_AUTORELEASING = YES;
				CLANG_WARN_BOOL_CONVERSION = YES;
				CLANG_WARN_COMMA = YES;
				CLANG_WARN_CONSTANT_CONVERSION = YES;
				CLANG_WARN_DEPRECATED_OBJC_IMPLEMENTATIONS = YES;
				CLANG_WARN_DIRECT_OBJC_ISA_USAGE = YES_ERROR;
				CLANG_WARN_DOCUMENTATION_COMMENTS = YES;
				CLANG_WARN_EMPTY_BODY = YES;
				CLANG_WARN_ENUM_CONVERSION = YES;
				CLANG_WARN_INFINITE_RECURSION = YES;
				CLANG_WARN_INT_CONVERSION = YES;
				CLANG_WARN_NON_LITERAL_NULL_CONVERSION = YES;
				CLANG_WARN_OBJC_IMPLICIT_RETAIN_SELF = YES;
				CLANG_WARN_OBJC_LITERAL_CONVERSION = YES;
				CLANG_WARN_OBJC_ROOT_CLASS = YES_ERROR;
				CLANG_WARN_QUOTED_INCLUDE_IN_FRAMEWORK_HEADER = YES;
				CLANG_WARN_RANGE_LOOP_ANALYSIS = YES;
				CLANG_WARN_STRICT_PROTOTYPES = YES;
				CLANG_WARN_SUSPICIOUS_MOVE = YES;
				CLANG_WARN_UNGUARDED_AVAILABILITY = YES_AGGRESSIVE;
				CLANG_WARN_UNREACHABLE_CODE = YES;
				CLANG_WARN__DUPLICATE_METHOD_MATCH = YES;
				COPY_PHASE_STRIP = NO;
				DEBUG_INFORMATION_FORMAT = dwarf;
				ENABLE_STRICT_OBJC_MSGSEND = YES;
				ENABLE_TESTABILITY = YES;
				GCC_C_LANGUAGE_STANDARD = gnu11;
				GCC_DYNAMIC_NO_PIC = NO;
				GCC_NO_COMMON_BLOCKS = YES;
				GCC_OPTIMIZATION_LEVEL = 0;
				GCC_PREPROCESSOR_DEFINITIONS = (
					"DEBUG=1",
					"$(inherited)",
				);
				GCC_WARN_64_TO_32_BIT_CONVERSION = YES;
				GCC_WARN_ABOUT_RETURN_TYPE = YES_ERROR;
				GCC_WARN_UNDECLARED_SELECTOR = YES;
				GCC_WARN_UNINITIALIZED_AUTOS = YES_AGGRESSIVE;
				GCC_WARN_UNUSED_FUNCTION = YES;
				GCC_WARN_UNUSED_VARIABLE = YES;
				IPHONEOS_DEPLOYMENT_TARGET = 15.2;
				MTL_ENABLE_DEBUG_INFO = INCLUDE_SOURCE;
				MTL_FAST_MATH = YES;
				ONLY_ACTIVE_ARCH = YES;
				SDKROOT = iphoneos;
				SWIFT_ACTIVE_COMPILATION_CONDITIONS = DEBUG;
				SWIFT_OPTIMIZATION_LEVEL = "-Onone";
			};
			name = Debug;
		};
		D072419628E29A7E000A6B45 /* Release */ = {
			isa = XCBuildConfiguration;
			buildSettings = {
				ALWAYS_SEARCH_USER_PATHS = NO;
				CLANG_ANALYZER_NONNULL = YES;
				CLANG_ANALYZER_NUMBER_OBJECT_CONVERSION = YES_AGGRESSIVE;
				CLANG_CXX_LANGUAGE_STANDARD = "gnu++20";
				CLANG_ENABLE_MODULES = YES;
				CLANG_ENABLE_OBJC_ARC = YES;
				CLANG_ENABLE_OBJC_WEAK = YES;
				CLANG_WARN_BLOCK_CAPTURE_AUTORELEASING = YES;
				CLANG_WARN_BOOL_CONVERSION = YES;
				CLANG_WARN_COMMA = YES;
				CLANG_WARN_CONSTANT_CONVERSION = YES;
				CLANG_WARN_DEPRECATED_OBJC_IMPLEMENTATIONS = YES;
				CLANG_WARN_DIRECT_OBJC_ISA_USAGE = YES_ERROR;
				CLANG_WARN_DOCUMENTATION_COMMENTS = YES;
				CLANG_WARN_EMPTY_BODY = YES;
				CLANG_WARN_ENUM_CONVERSION = YES;
				CLANG_WARN_INFINITE_RECURSION = YES;
				CLANG_WARN_INT_CONVERSION = YES;
				CLANG_WARN_NON_LITERAL_NULL_CONVERSION = YES;
				CLANG_WARN_OBJC_IMPLICIT_RETAIN_SELF = YES;
				CLANG_WARN_OBJC_LITERAL_CONVERSION = YES;
				CLANG_WARN_OBJC_ROOT_CLASS = YES_ERROR;
				CLANG_WARN_QUOTED_INCLUDE_IN_FRAMEWORK_HEADER = YES;
				CLANG_WARN_RANGE_LOOP_ANALYSIS = YES;
				CLANG_WARN_STRICT_PROTOTYPES = YES;
				CLANG_WARN_SUSPICIOUS_MOVE = YES;
				CLANG_WARN_UNGUARDED_AVAILABILITY = YES_AGGRESSIVE;
				CLANG_WARN_UNREACHABLE_CODE = YES;
				CLANG_WARN__DUPLICATE_METHOD_MATCH = YES;
				COPY_PHASE_STRIP = NO;
				DEBUG_INFORMATION_FORMAT = "dwarf-with-dsym";
				ENABLE_NS_ASSERTIONS = NO;
				ENABLE_STRICT_OBJC_MSGSEND = YES;
				GCC_C_LANGUAGE_STANDARD = gnu11;
				GCC_NO_COMMON_BLOCKS = YES;
				GCC_WARN_64_TO_32_BIT_CONVERSION = YES;
				GCC_WARN_ABOUT_RETURN_TYPE = YES_ERROR;
				GCC_WARN_UNDECLARED_SELECTOR = YES;
				GCC_WARN_UNINITIALIZED_AUTOS = YES_AGGRESSIVE;
				GCC_WARN_UNUSED_FUNCTION = YES;
				GCC_WARN_UNUSED_VARIABLE = YES;
				IPHONEOS_DEPLOYMENT_TARGET = 15.2;
				MTL_ENABLE_DEBUG_INFO = NO;
				MTL_FAST_MATH = YES;
				SDKROOT = iphoneos;
				SWIFT_COMPILATION_MODE = wholemodule;
				SWIFT_OPTIMIZATION_LEVEL = "-O";
				VALIDATE_PRODUCT = YES;
			};
			name = Release;
		};
		D072419828E29A7E000A6B45 /* Debug */ = {
			isa = XCBuildConfiguration;
			baseConfigurationReference = A80D9190509D49FCDDC0EE4B /* Pods-DLW.debug.xcconfig */;
			buildSettings = {
				ASSETCATALOG_COMPILER_APPICON_NAME = AppIcon;
				ASSETCATALOG_COMPILER_GLOBAL_ACCENT_COLOR_NAME = AccentColor;
				CODE_SIGN_STYLE = Automatic;
				CURRENT_PROJECT_VERSION = 1;
				DEVELOPMENT_ASSET_PATHS = "\"DLW/Preview Content\"";
				DEVELOPMENT_TEAM = GZGK3H4397;
				ENABLE_PREVIEWS = YES;
				GENERATE_INFOPLIST_FILE = YES;
				INFOPLIST_FILE = DLW/Info.plist;
				INFOPLIST_KEY_CFBundleDisplayName = ForU;
				INFOPLIST_KEY_LSApplicationCategoryType = "";
				INFOPLIST_KEY_NSCameraUsageDescription = "This app uses the camera to track your position for the various exercises.";
				INFOPLIST_KEY_UIApplicationSceneManifest_Generation = YES;
				INFOPLIST_KEY_UIApplicationSupportsIndirectInputEvents = YES;
				INFOPLIST_KEY_UILaunchScreen_Generation = YES;
				INFOPLIST_KEY_UISupportedInterfaceOrientations_iPad = "UIInterfaceOrientationPortrait UIInterfaceOrientationPortraitUpsideDown UIInterfaceOrientationLandscapeLeft UIInterfaceOrientationLandscapeRight";
				INFOPLIST_KEY_UISupportedInterfaceOrientations_iPhone = "UIInterfaceOrientationPortrait UIInterfaceOrientationLandscapeLeft UIInterfaceOrientationLandscapeRight";
				LD_RUNPATH_SEARCH_PATHS = (
					"$(inherited)",
					"@executable_path/Frameworks",
				);
				MARKETING_VERSION = 1.0;
				PRODUCT_BUNDLE_IDENTIFIER = harry.DLW;
				PRODUCT_NAME = "$(TARGET_NAME)";
				SWIFT_EMIT_LOC_STRINGS = YES;
				SWIFT_VERSION = 5.0;
				TARGETED_DEVICE_FAMILY = "1,2";
			};
			name = Debug;
		};
		D072419928E29A7E000A6B45 /* Release */ = {
			isa = XCBuildConfiguration;
			baseConfigurationReference = 1226B23B1F6C6175AB795A0F /* Pods-DLW.release.xcconfig */;
			buildSettings = {
				ASSETCATALOG_COMPILER_APPICON_NAME = AppIcon;
				ASSETCATALOG_COMPILER_GLOBAL_ACCENT_COLOR_NAME = AccentColor;
				CODE_SIGN_STYLE = Automatic;
				CURRENT_PROJECT_VERSION = 1;
				DEVELOPMENT_ASSET_PATHS = "\"DLW/Preview Content\"";
				DEVELOPMENT_TEAM = GZGK3H4397;
				ENABLE_PREVIEWS = YES;
				GENERATE_INFOPLIST_FILE = YES;
				INFOPLIST_FILE = DLW/Info.plist;
				INFOPLIST_KEY_CFBundleDisplayName = ForU;
				INFOPLIST_KEY_LSApplicationCategoryType = "";
				INFOPLIST_KEY_NSCameraUsageDescription = "This app uses the camera to track your position for the various exercises.";
				INFOPLIST_KEY_UIApplicationSceneManifest_Generation = YES;
				INFOPLIST_KEY_UIApplicationSupportsIndirectInputEvents = YES;
				INFOPLIST_KEY_UILaunchScreen_Generation = YES;
				INFOPLIST_KEY_UISupportedInterfaceOrientations_iPad = "UIInterfaceOrientationPortrait UIInterfaceOrientationPortraitUpsideDown UIInterfaceOrientationLandscapeLeft UIInterfaceOrientationLandscapeRight";
				INFOPLIST_KEY_UISupportedInterfaceOrientations_iPhone = "UIInterfaceOrientationPortrait UIInterfaceOrientationLandscapeLeft UIInterfaceOrientationLandscapeRight";
				LD_RUNPATH_SEARCH_PATHS = (
					"$(inherited)",
					"@executable_path/Frameworks",
				);
				MARKETING_VERSION = 1.0;
				PRODUCT_BUNDLE_IDENTIFIER = harry.DLW;
				PRODUCT_NAME = "$(TARGET_NAME)";
				SWIFT_EMIT_LOC_STRINGS = YES;
				SWIFT_VERSION = 5.0;
				TARGETED_DEVICE_FAMILY = "1,2";
			};
			name = Release;
		};
/* End XCBuildConfiguration section */

/* Begin XCConfigurationList section */
		D072418428E29A7C000A6B45 /* Build configuration list for PBXProject "DLW" */ = {
			isa = XCConfigurationList;
			buildConfigurations = (
				D072419528E29A7E000A6B45 /* Debug */,
				D072419628E29A7E000A6B45 /* Release */,
			);
			defaultConfigurationIsVisible = 0;
			defaultConfigurationName = Release;
		};
		D072419728E29A7E000A6B45 /* Build configuration list for PBXNativeTarget "DLW" */ = {
			isa = XCConfigurationList;
			buildConfigurations = (
				D072419828E29A7E000A6B45 /* Debug */,
				D072419928E29A7E000A6B45 /* Release */,
			);
			defaultConfigurationIsVisible = 0;
			defaultConfigurationName = Release;
		};
/* End XCConfigurationList section */

/* Begin XCRemoteSwiftPackageReference section */
		D01E203728E7EFA6008D373F /* XCRemoteSwiftPackageReference "ConfettiSwiftUI" */ = {
			isa = XCRemoteSwiftPackageReference;
			repositoryURL = "https://github.com/simibac/ConfettiSwiftUI.git";
			requirement = {
				kind = upToNextMajorVersion;
				minimumVersion = 1.0.0;
			};
		};
/* End XCRemoteSwiftPackageReference section */

/* Begin XCSwiftPackageProductDependency section */
		D01E203828E7EFA7008D373F /* ConfettiSwiftUI */ = {
			isa = XCSwiftPackageProductDependency;
			package = D01E203728E7EFA6008D373F /* XCRemoteSwiftPackageReference "ConfettiSwiftUI" */;
			productName = ConfettiSwiftUI;
		};
/* End XCSwiftPackageProductDependency section */
	};
	rootObject = D072418128E29A7C000A6B45 /* Project object */;
}
